{
  "originHash" : "42793ff7c7b27ae39c89c80fbde79d7e9ef13d8204ae9b7208cb20a80ad75cd1",
  "pins" : [
    {
      "identity" : "swiftlazy",
      "kind" : "remoteSourceControl",
      "location" : "https://github.com/ivlevAstef/SwiftLazy",
      "state" : {
        "branch" : "master",
        "revision" : "27aaddc76b46ce6b1dc6a6b4c5ce056874b44920"
      }
    }
  ],
  "version" : 3
}
