{
  "pins" : [
    {
      "identity" : "swiftlazy",
      "kind" : "remoteSourceControl",
      "location" : "https://github.com/ivlevAstef/SwiftLazy.git",
      "state" : {
        "revision" : "1d1cfb4c8552fa2d2bf83cabc99ac9e60171d874",
        "version" : "1.6.1"
      }
    }
  ],
  "version" : 2
}
