// !$*UTF8*$!
{
	archiveVersion = 1;
	classes = {
	};
	objectVersion = 46;
	objects = {

/* Begin PBXBuildFile section */
		16EE40A51D818619009259A1 /* AppDelegate.swift in Sources */ = {isa = PBXBuildFile; fileRef = 16EE409A1D818619009259A1 /* AppDelegate.swift */; };
		16EE40A61D818619009259A1 /* Assets.xcassets in Resources */ = {isa = PBXBuildFile; fileRef = 16EE409B1D818619009259A1 /* Assets.xcassets */; };
		16EE40A71D818619009259A1 /* LaunchScreen.storyboard in Resources */ = {isa = PBXBuildFile; fileRef = 16EE409C1D818619009259A1 /* LaunchScreen.storyboard */; };
		16EE40A81D818619009259A1 /* Main.storyboard in Resources */ = {isa = PBXBuildFile; fileRef = 16EE409E1D818619009259A1 /* Main.storyboard */; };
		16EE40B51D81A058009259A1 /* ViewControllerSlider.swift in Sources */ = {isa = PBXBuildFile; fileRef = 16EE40B41D81A058009259A1 /* ViewControllerSlider.swift */; };
		16EE40B71D81A06C009259A1 /* ViewControllerFirstObserver.swift in Sources */ = {isa = PBXBuildFile; fileRef = 16EE40B61D81A06C009259A1 /* ViewControllerFirstObserver.swift */; };
		16EE40B91D81A076009259A1 /* ViewControllerSecondObserver.swift in Sources */ = {isa = PBXBuildFile; fileRef = 16EE40B81D81A076009259A1 /* ViewControllerSecondObserver.swift */; };
		16EE40BB1D81A08C009259A1 /* Observer.swift in Sources */ = {isa = PBXBuildFile; fileRef = 16EE40BA1D81A08C009259A1 /* Observer.swift */; };
		16EE40C31D81A8AA009259A1 /* PopUpDelegate.swift in Sources */ = {isa = PBXBuildFile; fileRef = 16EE40C01D81A8AA009259A1 /* PopUpDelegate.swift */; };
		16EE40C41D81A8AA009259A1 /* PopUpViewController.swift in Sources */ = {isa = PBXBuildFile; fileRef = 16EE40C11D81A8AA009259A1 /* PopUpViewController.swift */; };
		16EE40C51D81A8AA009259A1 /* ViewController.swift in Sources */ = {isa = PBXBuildFile; fileRef = 16EE40C21D81A8AA009259A1 /* ViewController.swift */; };
		AB0AF9AB227937B90031021F /* UIView+cornerRadius.swift in Sources */ = {isa = PBXBuildFile; fileRef = AB0AF9AA227937B90031021F /* UIView+cornerRadius.swift */; };
/* End PBXBuildFile section */

/* Begin PBXContainerItemProxy section */
		1602500924A74DBB00BB63D3 /* PBXContainerItemProxy */ = {
			isa = PBXContainerItemProxy;
			containerPortal = 16640AA21D9E1FF900707BFC /* DITranquillity.xcodeproj */;
			proxyType = 2;
			remoteGlobalIDString = ABDA28D323ABBECD00BEB63F;
			remoteInfo = "DITranquillity-WatchOS";
		};
		16640AA61D9E1FFA00707BFC /* PBXContainerItemProxy */ = {
			isa = PBXContainerItemProxy;
			containerPortal = 16640AA21D9E1FF900707BFC /* DITranquillity.xcodeproj */;
			proxyType = 2;
			remoteGlobalIDString = A58875541D0944AE00D6DE92;
			remoteInfo = DITranquillity;
		};
		16640AA81D9E1FFE00707BFC /* PBXContainerItemProxy */ = {
			isa = PBXContainerItemProxy;
			containerPortal = 16640AA21D9E1FF900707BFC /* DITranquillity.xcodeproj */;
			proxyType = 1;
			remoteGlobalIDString = A58875531D0944AE00D6DE92;
			remoteInfo = DITranquillity;
		};
		AB0AF99D2279367A0031021F /* PBXContainerItemProxy */ = {
			isa = PBXContainerItemProxy;
			containerPortal = 16640AA21D9E1FF900707BFC /* DITranquillity.xcodeproj */;
			proxyType = 2;
			remoteGlobalIDString = BA9A2756208851C300584CA0;
			remoteInfo = DITranquillityTests;
		};
		D5932E621F722C3E0041ECB8 /* PBXContainerItemProxy */ = {
			isa = PBXContainerItemProxy;
			containerPortal = 16640AA21D9E1FF900707BFC /* DITranquillity.xcodeproj */;
			proxyType = 2;
			remoteGlobalIDString = 169C0DE51DA3501F001F0AD5;
			remoteInfo = "DITranquillity-OSX";
		};
		D5932E641F722C3E0041ECB8 /* PBXContainerItemProxy */ = {
			isa = PBXContainerItemProxy;
			containerPortal = 16640AA21D9E1FF900707BFC /* DITranquillity.xcodeproj */;
			proxyType = 2;
			remoteGlobalIDString = 169C0E4B1DA35CBE001F0AD5;
			remoteInfo = "DITranquillity-tvOS";
		};
/* End PBXContainerItemProxy section */

/* Begin PBXCopyFilesBuildPhase section */
		A58875871D09451000D6DE92 /* Embed Frameworks */ = {
			isa = PBXCopyFilesBuildPhase;
			buildActionMask = 2147483647;
			dstPath = "";
			dstSubfolderSpec = 10;
			files = (
			);
			name = "Embed Frameworks";
			runOnlyForDeploymentPostprocessing = 0;
		};
/* End PBXCopyFilesBuildPhase section */

/* Begin PBXFileReference section */
		16640AA21D9E1FF900707BFC /* DITranquillity.xcodeproj */ = {isa = PBXFileReference; lastKnownFileType = "wrapper.pb-project"; name = DITranquillity.xcodeproj; path = ../../DITranquillity.xcodeproj; sourceTree = "<group>"; };
		16EE409A1D818619009259A1 /* AppDelegate.swift */ = {isa = PBXFileReference; fileEncoding = 4; lastKnownFileType = sourcecode.swift; path = AppDelegate.swift; sourceTree = "<group>"; };
		16EE409B1D818619009259A1 /* Assets.xcassets */ = {isa = PBXFileReference; lastKnownFileType = folder.assetcatalog; path = Assets.xcassets; sourceTree = "<group>"; };
		16EE409D1D818619009259A1 /* Base */ = {isa = PBXFileReference; lastKnownFileType = file.storyboard; name = Base; path = Base.lproj/LaunchScreen.storyboard; sourceTree = "<group>"; };
		16EE409F1D818619009259A1 /* Base */ = {isa = PBXFileReference; lastKnownFileType = file.storyboard; name = Base; path = Base.lproj/Main.storyboard; sourceTree = "<group>"; };
		16EE40A01D818619009259A1 /* Info.plist */ = {isa = PBXFileReference; fileEncoding = 4; lastKnownFileType = text.plist.xml; path = Info.plist; sourceTree = "<group>"; };
		16EE40B41D81A058009259A1 /* ViewControllerSlider.swift */ = {isa = PBXFileReference; fileEncoding = 4; lastKnownFileType = sourcecode.swift; path = ViewControllerSlider.swift; sourceTree = "<group>"; };
		16EE40B61D81A06C009259A1 /* ViewControllerFirstObserver.swift */ = {isa = PBXFileReference; fileEncoding = 4; lastKnownFileType = sourcecode.swift; path = ViewControllerFirstObserver.swift; sourceTree = "<group>"; };
		16EE40B81D81A076009259A1 /* ViewControllerSecondObserver.swift */ = {isa = PBXFileReference; fileEncoding = 4; lastKnownFileType = sourcecode.swift; path = ViewControllerSecondObserver.swift; sourceTree = "<group>"; };
		16EE40BA1D81A08C009259A1 /* Observer.swift */ = {isa = PBXFileReference; fileEncoding = 4; lastKnownFileType = sourcecode.swift; path = Observer.swift; sourceTree = "<group>"; };
		16EE40C01D81A8AA009259A1 /* PopUpDelegate.swift */ = {isa = PBXFileReference; fileEncoding = 4; lastKnownFileType = sourcecode.swift; path = PopUpDelegate.swift; sourceTree = "<group>"; };
		16EE40C11D81A8AA009259A1 /* PopUpViewController.swift */ = {isa = PBXFileReference; fileEncoding = 4; lastKnownFileType = sourcecode.swift; path = PopUpViewController.swift; sourceTree = "<group>"; };
		16EE40C21D81A8AA009259A1 /* ViewController.swift */ = {isa = PBXFileReference; fileEncoding = 4; lastKnownFileType = sourcecode.swift; path = ViewController.swift; sourceTree = "<group>"; };
		A58875681D0944FE00D6DE92 /* SampleDelegateAndObserver.app */ = {isa = PBXFileReference; explicitFileType = wrapper.application; includeInIndex = 0; path = SampleDelegateAndObserver.app; sourceTree = BUILT_PRODUCTS_DIR; };
		AB0AF9AA227937B90031021F /* UIView+cornerRadius.swift */ = {isa = PBXFileReference; lastKnownFileType = sourcecode.swift; path = "UIView+cornerRadius.swift"; sourceTree = "<group>"; };
/* End PBXFileReference section */

/* Begin PBXFrameworksBuildPhase section */
		A58875651D0944FE00D6DE92 /* Frameworks */ = {
			isa = PBXFrameworksBuildPhase;
			buildActionMask = 2147483647;
			files = (
			);
			runOnlyForDeploymentPostprocessing = 0;
		};
/* End PBXFrameworksBuildPhase section */

/* Begin PBXGroup section */
		16640AA31D9E1FF900707BFC /* Products */ = {
			isa = PBXGroup;
			children = (
				16640AA71D9E1FFA00707BFC /* DITranquillity.framework */,
				D5932E631F722C3E0041ECB8 /* DITranquillity.framework */,
				D5932E651F722C3E0041ECB8 /* DITranquillity.framework */,
				1602500A24A74DBB00BB63D3 /* DITranquillity.framework */,
				AB0AF99E2279367A0031021F /* DITranquillityTests.xctest */,
			);
			name = Products;
			sourceTree = "<group>";
		};
		16EE40991D818619009259A1 /* SampleDelegateAndObserver */ = {
			isa = PBXGroup;
			children = (
				16EE40BF1D81A8AA009259A1 /* Delegate */,
				16EE40B31D81A02D009259A1 /* Observers */,
				16EE409A1D818619009259A1 /* AppDelegate.swift */,
				16EE409B1D818619009259A1 /* Assets.xcassets */,
				16EE409C1D818619009259A1 /* LaunchScreen.storyboard */,
				16EE409E1D818619009259A1 /* Main.storyboard */,
				16EE40A01D818619009259A1 /* Info.plist */,
				AB0AF9AA227937B90031021F /* UIView+cornerRadius.swift */,
			);
			path = SampleDelegateAndObserver;
			sourceTree = "<group>";
		};
		16EE40B31D81A02D009259A1 /* Observers */ = {
			isa = PBXGroup;
			children = (
				16EE40B41D81A058009259A1 /* ViewControllerSlider.swift */,
				16EE40B61D81A06C009259A1 /* ViewControllerFirstObserver.swift */,
				16EE40B81D81A076009259A1 /* ViewControllerSecondObserver.swift */,
				16EE40BA1D81A08C009259A1 /* Observer.swift */,
			);
			path = Observers;
			sourceTree = "<group>";
		};
		16EE40BF1D81A8AA009259A1 /* Delegate */ = {
			isa = PBXGroup;
			children = (
				16EE40C01D81A8AA009259A1 /* PopUpDelegate.swift */,
				16EE40C11D81A8AA009259A1 /* PopUpViewController.swift */,
				16EE40C21D81A8AA009259A1 /* ViewController.swift */,
			);
			path = Delegate;
			sourceTree = "<group>";
		};
		A588755F1D0944FE00D6DE92 = {
			isa = PBXGroup;
			children = (
				16640AA21D9E1FF900707BFC /* DITranquillity.xcodeproj */,
				16EE40991D818619009259A1 /* SampleDelegateAndObserver */,
				A58875691D0944FE00D6DE92 /* Products */,
			);
			sourceTree = "<group>";
		};
		A58875691D0944FE00D6DE92 /* Products */ = {
			isa = PBXGroup;
			children = (
				A58875681D0944FE00D6DE92 /* SampleDelegateAndObserver.app */,
			);
			name = Products;
			sourceTree = "<group>";
		};
/* End PBXGroup section */

/* Begin PBXNativeTarget section */
		A58875671D0944FE00D6DE92 /* SampleDelegateAndObserver */ = {
			isa = PBXNativeTarget;
			buildConfigurationList = A588757A1D0944FE00D6DE92 /* Build configuration list for PBXNativeTarget "SampleDelegateAndObserver" */;
			buildPhases = (
				A58875641D0944FE00D6DE92 /* Sources */,
				A58875651D0944FE00D6DE92 /* Frameworks */,
				A58875661D0944FE00D6DE92 /* Resources */,
				A58875871D09451000D6DE92 /* Embed Frameworks */,
			);
			buildRules = (
			);
			dependencies = (
				16640AA91D9E1FFE00707BFC /* PBXTargetDependency */,
			);
			name = SampleDelegateAndObserver;
			productName = SampleDelegateAndObserver;
			productReference = A58875681D0944FE00D6DE92 /* SampleDelegateAndObserver.app */;
			productType = "com.apple.product-type.application";
		};
/* End PBXNativeTarget section */

/* Begin PBXProject section */
		A58875601D0944FE00D6DE92 /* Project object */ = {
			isa = PBXProject;
			attributes = {
				LastSwiftUpdateCheck = 0730;
				LastUpgradeCheck = 0900;
				ORGANIZATIONNAME = "Alexander Ivlev";
				TargetAttributes = {
					A58875671D0944FE00D6DE92 = {
						CreatedOnToolsVersion = 7.3.1;
						LastSwiftMigration = 0800;
					};
				};
			};
			buildConfigurationList = A58875631D0944FE00D6DE92 /* Build configuration list for PBXProject "SampleDelegateAndObserver" */;
			compatibilityVersion = "Xcode 3.2";
			developmentRegion = English;
			hasScannedForEncodings = 0;
			knownRegions = (
				English,
				en,
				Base,
			);
			mainGroup = A588755F1D0944FE00D6DE92;
			productRefGroup = A58875691D0944FE00D6DE92 /* Products */;
			projectDirPath = "";
			projectReferences = (
				{
					ProductGroup = 16640AA31D9E1FF900707BFC /* Products */;
					ProjectRef = 16640AA21D9E1FF900707BFC /* DITranquillity.xcodeproj */;
				},
			);
			projectRoot = "";
			targets = (
				A58875671D0944FE00D6DE92 /* SampleDelegateAndObserver */,
			);
		};
/* End PBXProject section */

/* Begin PBXReferenceProxy section */
		1602500A24A74DBB00BB63D3 /* DITranquillity.framework */ = {
			isa = PBXReferenceProxy;
			fileType = wrapper.framework;
			path = DITranquillity.framework;
			remoteRef = 1602500924A74DBB00BB63D3 /* PBXContainerItemProxy */;
			sourceTree = BUILT_PRODUCTS_DIR;
		};
		16640AA71D9E1FFA00707BFC /* DITranquillity.framework */ = {
			isa = PBXReferenceProxy;
			fileType = wrapper.framework;
			path = DITranquillity.framework;
			remoteRef = 16640AA61D9E1FFA00707BFC /* PBXContainerItemProxy */;
			sourceTree = BUILT_PRODUCTS_DIR;
		};
		AB0AF99E2279367A0031021F /* DITranquillityTests.xctest */ = {
			isa = PBXReferenceProxy;
			fileType = wrapper.cfbundle;
			path = DITranquillityTests.xctest;
			remoteRef = AB0AF99D2279367A0031021F /* PBXContainerItemProxy */;
			sourceTree = BUILT_PRODUCTS_DIR;
		};
		D5932E631F722C3E0041ECB8 /* DITranquillity.framework */ = {
			isa = PBXReferenceProxy;
			fileType = wrapper.framework;
			path = DITranquillity.framework;
			remoteRef = D5932E621F722C3E0041ECB8 /* PBXContainerItemProxy */;
			sourceTree = BUILT_PRODUCTS_DIR;
		};
		D5932E651F722C3E0041ECB8 /* DITranquillity.framework */ = {
			isa = PBXReferenceProxy;
			fileType = wrapper.framework;
			path = DITranquillity.framework;
			remoteRef = D5932E641F722C3E0041ECB8 /* PBXContainerItemProxy */;
			sourceTree = BUILT_PRODUCTS_DIR;
		};
/* End PBXReferenceProxy section */

/* Begin PBXResourcesBuildPhase section */
		A58875661D0944FE00D6DE92 /* Resources */ = {
			isa = PBXResourcesBuildPhase;
			buildActionMask = 2147483647;
			files = (
				16EE40A81D818619009259A1 /* Main.storyboard in Resources */,
				16EE40A61D818619009259A1 /* Assets.xcassets in Resources */,
				16EE40A71D818619009259A1 /* LaunchScreen.storyboard in Resources */,
			);
			runOnlyForDeploymentPostprocessing = 0;
		};
/* End PBXResourcesBuildPhase section */

/* Begin PBXSourcesBuildPhase section */
		A58875641D0944FE00D6DE92 /* Sources */ = {
			isa = PBXSourcesBuildPhase;
			buildActionMask = 2147483647;
			files = (
				16EE40B51D81A058009259A1 /* ViewControllerSlider.swift in Sources */,
				16EE40C31D81A8AA009259A1 /* PopUpDelegate.swift in Sources */,
				AB0AF9AB227937B90031021F /* UIView+cornerRadius.swift in Sources */,
				16EE40C41D81A8AA009259A1 /* PopUpViewController.swift in Sources */,
				16EE40BB1D81A08C009259A1 /* Observer.swift in Sources */,
				16EE40A51D818619009259A1 /* AppDelegate.swift in Sources */,
				16EE40B91D81A076009259A1 /* ViewControllerSecondObserver.swift in Sources */,
				16EE40C51D81A8AA009259A1 /* ViewController.swift in Sources */,
				16EE40B71D81A06C009259A1 /* ViewControllerFirstObserver.swift in Sources */,
			);
			runOnlyForDeploymentPostprocessing = 0;
		};
/* End PBXSourcesBuildPhase section */

/* Begin PBXTargetDependency section */
		16640AA91D9E1FFE00707BFC /* PBXTargetDependency */ = {
			isa = PBXTargetDependency;
			name = DITranquillity;
			targetProxy = 16640AA81D9E1FFE00707BFC /* PBXContainerItemProxy */;
		};
/* End PBXTargetDependency section */

/* Begin PBXVariantGroup section */
		16EE409C1D818619009259A1 /* LaunchScreen.storyboard */ = {
			isa = PBXVariantGroup;
			children = (
				16EE409D1D818619009259A1 /* Base */,
			);
			name = LaunchScreen.storyboard;
			sourceTree = "<group>";
		};
		16EE409E1D818619009259A1 /* Main.storyboard */ = {
			isa = PBXVariantGroup;
			children = (
				16EE409F1D818619009259A1 /* Base */,
			);
			name = Main.storyboard;
			sourceTree = "<group>";
		};
/* End PBXVariantGroup section */

/* Begin XCBuildConfiguration section */
		A58875781D0944FE00D6DE92 /* Debug */ = {
			isa = XCBuildConfiguration;
			buildSettings = {
				ALWAYS_SEARCH_USER_PATHS = NO;
				CLANG_ANALYZER_NONNULL = YES;
				CLANG_CXX_LANGUAGE_STANDARD = "gnu++0x";
				CLANG_CXX_LIBRARY = "libc++";
				CLANG_ENABLE_MODULES = YES;
				CLANG_ENABLE_OBJC_ARC = YES;
				CLANG_WARN_BLOCK_CAPTURE_AUTORELEASING = YES;
				CLANG_WARN_BOOL_CONVERSION = YES;
				CLANG_WARN_COMMA = YES;
				CLANG_WARN_CONSTANT_CONVERSION = YES;
				CLANG_WARN_DIRECT_OBJC_ISA_USAGE = YES_ERROR;
				CLANG_WARN_EMPTY_BODY = YES;
				CLANG_WARN_ENUM_CONVERSION = YES;
				CLANG_WARN_INFINITE_RECURSION = YES;
				CLANG_WARN_INT_CONVERSION = YES;
				CLANG_WARN_NON_LITERAL_NULL_CONVERSION = YES;
				CLANG_WARN_OBJC_LITERAL_CONVERSION = YES;
				CLANG_WARN_OBJC_ROOT_CLASS = YES_ERROR;
				CLANG_WARN_RANGE_LOOP_ANALYSIS = YES;
				CLANG_WARN_STRICT_PROTOTYPES = YES;
				CLANG_WARN_SUSPICIOUS_MOVE = YES;
				CLANG_WARN_UNREACHABLE_CODE = YES;
				CLANG_WARN__DUPLICATE_METHOD_MATCH = YES;
				"CODE_SIGN_IDENTITY[sdk=iphoneos*]" = "iPhone Developer";
				COPY_PHASE_STRIP = NO;
				DEBUG_INFORMATION_FORMAT = dwarf;
				ENABLE_STRICT_OBJC_MSGSEND = YES;
				ENABLE_TESTABILITY = YES;
				GCC_C_LANGUAGE_STANDARD = gnu99;
				GCC_DYNAMIC_NO_PIC = NO;
				GCC_NO_COMMON_BLOCKS = YES;
				GCC_OPTIMIZATION_LEVEL = 0;
				GCC_PREPROCESSOR_DEFINITIONS = (
					"DEBUG=1",
					"$(inherited)",
				);
				GCC_WARN_64_TO_32_BIT_CONVERSION = YES;
				GCC_WARN_ABOUT_RETURN_TYPE = YES_ERROR;
				GCC_WARN_UNDECLARED_SELECTOR = YES;
				GCC_WARN_UNINITIALIZED_AUTOS = YES_AGGRESSIVE;
				GCC_WARN_UNUSED_FUNCTION = YES;
				GCC_WARN_UNUSED_VARIABLE = YES;
				IPHONEOS_DEPLOYMENT_TARGET = 9.3;
				MTL_ENABLE_DEBUG_INFO = YES;
				ONLY_ACTIVE_ARCH = YES;
				SDKROOT = iphoneos;
				SWIFT_OPTIMIZATION_LEVEL = "-Onone";
				TARGETED_DEVICE_FAMILY = "1,2";
			};
			name = Debug;
		};
		A58875791D0944FE00D6DE92 /* Release */ = {
			isa = XCBuildConfiguration;
			buildSettings = {
				ALWAYS_SEARCH_USER_PATHS = NO;
				CLANG_ANALYZER_NONNULL = YES;
				CLANG_CXX_LANGUAGE_STANDARD = "gnu++0x";
				CLANG_CXX_LIBRARY = "libc++";
				CLANG_ENABLE_MODULES = YES;
				CLANG_ENABLE_OBJC_ARC = YES;
				CLANG_WARN_BLOCK_CAPTURE_AUTORELEASING = YES;
				CLANG_WARN_BOOL_CONVERSION = YES;
				CLANG_WARN_COMMA = YES;
				CLANG_WARN_CONSTANT_CONVERSION = YES;
				CLANG_WARN_DIRECT_OBJC_ISA_USAGE = YES_ERROR;
				CLANG_WARN_EMPTY_BODY = YES;
				CLANG_WARN_ENUM_CONVERSION = YES;
				CLANG_WARN_INFINITE_RECURSION = YES;
				CLANG_WARN_INT_CONVERSION = YES;
				CLANG_WARN_NON_LITERAL_NULL_CONVERSION = YES;
				CLANG_WARN_OBJC_LITERAL_CONVERSION = YES;
				CLANG_WARN_OBJC_ROOT_CLASS = YES_ERROR;
				CLANG_WARN_RANGE_LOOP_ANALYSIS = YES;
				CLANG_WARN_STRICT_PROTOTYPES = YES;
				CLANG_WARN_SUSPICIOUS_MOVE = YES;
				CLANG_WARN_UNREACHABLE_CODE = YES;
				CLANG_WARN__DUPLICATE_METHOD_MATCH = YES;
				"CODE_SIGN_IDENTITY[sdk=iphoneos*]" = "iPhone Developer";
				COPY_PHASE_STRIP = NO;
				DEBUG_INFORMATION_FORMAT = "dwarf-with-dsym";
				ENABLE_NS_ASSERTIONS = NO;
				ENABLE_STRICT_OBJC_MSGSEND = YES;
				GCC_C_LANGUAGE_STANDARD = gnu99;
				GCC_NO_COMMON_BLOCKS = YES;
				GCC_WARN_64_TO_32_BIT_CONVERSION = YES;
				GCC_WARN_ABOUT_RETURN_TYPE = YES_ERROR;
				GCC_WARN_UNDECLARED_SELECTOR = YES;
				GCC_WARN_UNINITIALIZED_AUTOS = YES_AGGRESSIVE;
				GCC_WARN_UNUSED_FUNCTION = YES;
				GCC_WARN_UNUSED_VARIABLE = YES;
				IPHONEOS_DEPLOYMENT_TARGET = 9.3;
				MTL_ENABLE_DEBUG_INFO = NO;
				SDKROOT = iphoneos;
				SWIFT_OPTIMIZATION_LEVEL = "-Owholemodule";
				TARGETED_DEVICE_FAMILY = "1,2";
				VALIDATE_PRODUCT = YES;
			};
			name = Release;
		};
		A588757B1D0944FE00D6DE92 /* Debug */ = {
			isa = XCBuildConfiguration;
			buildSettings = {
				ALWAYS_EMBED_SWIFT_STANDARD_LIBRARIES = YES;
				ASSETCATALOG_COMPILER_APPICON_NAME = AppIcon;
				CLANG_ENABLE_MODULES = YES;
				GCC_PREPROCESSOR_DEFINITIONS = (
					__DITRANQUILLITY_STORYBOARD__,
					"DEBUG=1",
				);
				INFOPLIST_FILE = "$(SRCROOT)/SampleDelegateAndObserver/Info.plist";
				LD_RUNPATH_SEARCH_PATHS = "$(inherited) @executable_path/Frameworks";
				PRODUCT_BUNDLE_IDENTIFIER = com.sia.SampleDelegateAndObserver;
				PRODUCT_NAME = SampleDelegateAndObserver;
				SWIFT_OBJC_BRIDGING_HEADER = "";
				SWIFT_OPTIMIZATION_LEVEL = "-Onone";
				SWIFT_VERSION = 4.0;
			};
			name = Debug;
		};
		A588757C1D0944FE00D6DE92 /* Release */ = {
			isa = XCBuildConfiguration;
			buildSettings = {
				ALWAYS_EMBED_SWIFT_STANDARD_LIBRARIES = YES;
				ASSETCATALOG_COMPILER_APPICON_NAME = AppIcon;
				CLANG_ENABLE_MODULES = YES;
				GCC_PREPROCESSOR_DEFINITIONS = __DITRANQUILLITY_STORYBOARD__;
				INFOPLIST_FILE = "$(SRCROOT)/SampleDelegateAndObserver/Info.plist";
				LD_RUNPATH_SEARCH_PATHS = "$(inherited) @executable_path/Frameworks";
				PRODUCT_BUNDLE_IDENTIFIER = com.sia.SampleDelegateAndObserver;
				PRODUCT_NAME = SampleDelegateAndObserver;
				SWIFT_OBJC_BRIDGING_HEADER = "";
				SWIFT_VERSION = 4.0;
			};
			name = Release;
		};
/* End XCBuildConfiguration section */

/* Begin XCConfigurationList section */
		A58875631D0944FE00D6DE92 /* Build configuration list for PBXProject "SampleDelegateAndObserver" */ = {
			isa = XCConfigurationList;
			buildConfigurations = (
				A58875781D0944FE00D6DE92 /* Debug */,
				A58875791D0944FE00D6DE92 /* Release */,
			);
			defaultConfigurationIsVisible = 0;
			defaultConfigurationName = Release;
		};
		A588757A1D0944FE00D6DE92 /* Build configuration list for PBXNativeTarget "SampleDelegateAndObserver" */ = {
			isa = XCConfigurationList;
			buildConfigurations = (
				A588757B1D0944FE00D6DE92 /* Debug */,
				A588757C1D0944FE00D6DE92 /* Release */,
			);
			defaultConfigurationIsVisible = 0;
			defaultConfigurationName = Release;
		};
/* End XCConfigurationList section */
	};
	rootObject = A58875601D0944FE00D6DE92 /* Project object */;
}
