// !$*UTF8*$!
{
	archiveVersion = 1;
	classes = {
	};
	objectVersion = 46;
	objects = {

/* Begin PBXBuildFile section */
		110B5ADC1E4250D500A864A9 /* DIRegistrationBuilder.Arg.swift in Sources */ = {isa = PBXBuildFile; fileRef = 110B5ADB1E4250D500A864A9 /* DIRegistrationBuilder.Arg.swift */; };
		1142460F1E45A24100F8B3BA /* DIRegistrationBuilder.Arg.swift in Sources */ = {isa = PBXBuildFile; fileRef = 110B5ADB1E4250D500A864A9 /* DIRegistrationBuilder.Arg.swift */; };
		114246101E45A24100F8B3BA /* DIRegistrationBuilder.Arg.swift in Sources */ = {isa = PBXBuildFile; fileRef = 110B5ADB1E4250D500A864A9 /* DIRegistrationBuilder.Arg.swift */; };
		1142C1E01E44E74C0000517F /* DIRegistrationBuilder.Injection.swift in Sources */ = {isa = PBXBuildFile; fileRef = 1142C1DF1E44E74C0000517F /* DIRegistrationBuilder.Injection.swift */; };
		1142C1E11E44E74C0000517F /* DIRegistrationBuilder.Injection.swift in Sources */ = {isa = PBXBuildFile; fileRef = 1142C1DF1E44E74C0000517F /* DIRegistrationBuilder.Injection.swift */; };
		1142C1E21E44E74C0000517F /* DIRegistrationBuilder.Injection.swift in Sources */ = {isa = PBXBuildFile; fileRef = 1142C1DF1E44E74C0000517F /* DIRegistrationBuilder.Injection.swift */; };
		118DBCCC1E4100BF003A7D1F /* DIStoryboardResolver.swift in Sources */ = {isa = PBXBuildFile; fileRef = 118DBCCB1E4100BF003A7D1F /* DIStoryboardResolver.swift */; };
		118DBCCF1E4100CA003A7D1F /* DIStoryboardResolver.swift in Sources */ = {isa = PBXBuildFile; fileRef = 118DBCCD1E4100C5003A7D1F /* DIStoryboardResolver.swift */; };
		118DBCD01E4100CD003A7D1F /* DIStoryboardResolver.swift in Sources */ = {isa = PBXBuildFile; fileRef = 118DBCCB1E4100BF003A7D1F /* DIStoryboardResolver.swift */; };
		11FD649E1E3FA3390043A036 /* DIContainerBuilder.Register.Arg.swift in Sources */ = {isa = PBXBuildFile; fileRef = 11FD649D1E3FA3390043A036 /* DIContainerBuilder.Register.Arg.swift */; };
		11FD649F1E3FA3390043A036 /* DIContainerBuilder.Register.Arg.swift in Sources */ = {isa = PBXBuildFile; fileRef = 11FD649D1E3FA3390043A036 /* DIContainerBuilder.Register.Arg.swift */; };
		11FD64A01E3FA3390043A036 /* DIContainerBuilder.Register.Arg.swift in Sources */ = {isa = PBXBuildFile; fileRef = 11FD649D1E3FA3390043A036 /* DIContainerBuilder.Register.Arg.swift */; };
		163DDDC61DB9C84E0003DE54 /* DITypes.swift in Sources */ = {isa = PBXBuildFile; fileRef = 163DDDC51DB9C84E0003DE54 /* DITypes.swift */; };
		163DDDC71DB9C84E0003DE54 /* DITypes.swift in Sources */ = {isa = PBXBuildFile; fileRef = 163DDDC51DB9C84E0003DE54 /* DITypes.swift */; };
		163DDDC81DB9C84E0003DE54 /* DITypes.swift in Sources */ = {isa = PBXBuildFile; fileRef = 163DDDC51DB9C84E0003DE54 /* DITypes.swift */; };
		165F614F1D9E78DD00F6126E /* DIContainerBuilder.Register.swift in Sources */ = {isa = PBXBuildFile; fileRef = 165F614E1D9E78DD00F6126E /* DIContainerBuilder.Register.swift */; };
		16640A711D9E1E7B00707BFC /* DIAssembly.swift in Sources */ = {isa = PBXBuildFile; fileRef = 16640A4E1D9E1E7B00707BFC /* DIAssembly.swift */; };
		16640A721D9E1E7B00707BFC /* DIDynamicAssembly.swift in Sources */ = {isa = PBXBuildFile; fileRef = 16640A4F1D9E1E7B00707BFC /* DIDynamicAssembly.swift */; };
		16640A731D9E1E7B00707BFC /* DIMultyMap.swift in Sources */ = {isa = PBXBuildFile; fileRef = 16640A521D9E1E7B00707BFC /* DIMultyMap.swift */; };
		16640A741D9E1E7B00707BFC /* DIScopeImpl.swift in Sources */ = {isa = PBXBuildFile; fileRef = 16640A531D9E1E7B00707BFC /* DIScopeImpl.swift */; };
		16640A751D9E1E7B00707BFC /* Helpers.swift in Sources */ = {isa = PBXBuildFile; fileRef = 16640A541D9E1E7B00707BFC /* Helpers.swift */; };
		16640A761D9E1E7B00707BFC /* RTypeBase.swift in Sources */ = {isa = PBXBuildFile; fileRef = 16640A561D9E1E7B00707BFC /* RTypeBase.swift */; };
		16640A771D9E1E7B00707BFC /* RType.swift in Sources */ = {isa = PBXBuildFile; fileRef = 16640A571D9E1E7B00707BFC /* RType.swift */; };
		16640A781D9E1E7B00707BFC /* RTypeWithName.swift in Sources */ = {isa = PBXBuildFile; fileRef = 16640A581D9E1E7B00707BFC /* RTypeWithName.swift */; };
		16640A791D9E1E7B00707BFC /* RTypeFinal.swift in Sources */ = {isa = PBXBuildFile; fileRef = 16640A591D9E1E7B00707BFC /* RTypeFinal.swift */; };
		16640A7A1D9E1E7B00707BFC /* RTypeContainer.swift in Sources */ = {isa = PBXBuildFile; fileRef = 16640A5B1D9E1E7B00707BFC /* RTypeContainer.swift */; };
		16640A7B1D9E1E7B00707BFC /* RTypeContainerFinal.swift in Sources */ = {isa = PBXBuildFile; fileRef = 16640A5C1D9E1E7B00707BFC /* RTypeContainerFinal.swift */; };
		16640A7D1D9E1E7B00707BFC /* Weak.swift in Sources */ = {isa = PBXBuildFile; fileRef = 16640A5E1D9E1E7B00707BFC /* Weak.swift */; };
		16640A7F1D9E1E7B00707BFC /* DIRegistrationBuilder.Params.swift in Sources */ = {isa = PBXBuildFile; fileRef = 16640A621D9E1E7B00707BFC /* DIRegistrationBuilder.Params.swift */; };
		16640A801D9E1E7B00707BFC /* DIScope.Arg.swift in Sources */ = {isa = PBXBuildFile; fileRef = 16640A631D9E1E7B00707BFC /* DIScope.Arg.swift */; };
		16640A811D9E1E7B00707BFC /* DIScope.TypeArg.swift in Sources */ = {isa = PBXBuildFile; fileRef = 16640A641D9E1E7B00707BFC /* DIScope.TypeArg.swift */; };
		16640A821D9E1E7B00707BFC /* DIContainerBuilder.swift in Sources */ = {isa = PBXBuildFile; fileRef = 16640A651D9E1E7B00707BFC /* DIContainerBuilder.swift */; };
		16640A831D9E1E7B00707BFC /* DIError.swift in Sources */ = {isa = PBXBuildFile; fileRef = 16640A661D9E1E7B00707BFC /* DIError.swift */; };
		16640A841D9E1E7B00707BFC /* DIModule.swift in Sources */ = {isa = PBXBuildFile; fileRef = 16640A671D9E1E7B00707BFC /* DIModule.swift */; };
		16640A851D9E1E7B00707BFC /* DIRegistrationBuilder.swift in Sources */ = {isa = PBXBuildFile; fileRef = 16640A681D9E1E7B00707BFC /* DIRegistrationBuilder.swift */; };
		16640A861D9E1E7B00707BFC /* DIScope.ShortSyntax.swift in Sources */ = {isa = PBXBuildFile; fileRef = 16640A691D9E1E7B00707BFC /* DIScope.ShortSyntax.swift */; };
		16640A871D9E1E7B00707BFC /* DIScope.swift in Sources */ = {isa = PBXBuildFile; fileRef = 16640A6A1D9E1E7B00707BFC /* DIScope.swift */; };
		16640A881D9E1E7B00707BFC /* DITranquillity.h in Headers */ = {isa = PBXBuildFile; fileRef = 16640A6B1D9E1E7B00707BFC /* DITranquillity.h */; settings = {ATTRIBUTES = (Public, ); }; };
		169C0DC31DA3501F001F0AD5 /* RTypeFinal.swift in Sources */ = {isa = PBXBuildFile; fileRef = 16640A591D9E1E7B00707BFC /* RTypeFinal.swift */; };
		169C0DC41DA3501F001F0AD5 /* DIRegistrationBuilder.swift in Sources */ = {isa = PBXBuildFile; fileRef = 16640A681D9E1E7B00707BFC /* DIRegistrationBuilder.swift */; };
		169C0DC61DA3501F001F0AD5 /* DIScope.TypeArg.swift in Sources */ = {isa = PBXBuildFile; fileRef = 16640A641D9E1E7B00707BFC /* DIScope.TypeArg.swift */; };
		169C0DC71DA3501F001F0AD5 /* DIRegistrationBuilder.Params.swift in Sources */ = {isa = PBXBuildFile; fileRef = 16640A621D9E1E7B00707BFC /* DIRegistrationBuilder.Params.swift */; };
		169C0DC81DA3501F001F0AD5 /* DIScope.Arg.swift in Sources */ = {isa = PBXBuildFile; fileRef = 16640A631D9E1E7B00707BFC /* DIScope.Arg.swift */; };
		169C0DCB1DA3501F001F0AD5 /* DIContainerBuilder.Register.swift in Sources */ = {isa = PBXBuildFile; fileRef = 165F614E1D9E78DD00F6126E /* DIContainerBuilder.Register.swift */; };
		169C0DCC1DA3501F001F0AD5 /* DIMultyMap.swift in Sources */ = {isa = PBXBuildFile; fileRef = 16640A521D9E1E7B00707BFC /* DIMultyMap.swift */; };
		169C0DCD1DA3501F001F0AD5 /* Weak.swift in Sources */ = {isa = PBXBuildFile; fileRef = 16640A5E1D9E1E7B00707BFC /* Weak.swift */; };
		169C0DCE1DA3501F001F0AD5 /* DIError.swift in Sources */ = {isa = PBXBuildFile; fileRef = 16640A661D9E1E7B00707BFC /* DIError.swift */; };
		169C0DCF1DA3501F001F0AD5 /* RTypeContainerFinal.swift in Sources */ = {isa = PBXBuildFile; fileRef = 16640A5C1D9E1E7B00707BFC /* RTypeContainerFinal.swift */; };
		169C0DD01DA3501F001F0AD5 /* RTypeContainer.swift in Sources */ = {isa = PBXBuildFile; fileRef = 16640A5B1D9E1E7B00707BFC /* RTypeContainer.swift */; };
		169C0DD11DA3501F001F0AD5 /* DIScopeImpl.swift in Sources */ = {isa = PBXBuildFile; fileRef = 16640A531D9E1E7B00707BFC /* DIScopeImpl.swift */; };
		169C0DD21DA3501F001F0AD5 /* DIDynamicAssembly.swift in Sources */ = {isa = PBXBuildFile; fileRef = 16640A4F1D9E1E7B00707BFC /* DIDynamicAssembly.swift */; };
		169C0DD31DA3501F001F0AD5 /* DIScope.swift in Sources */ = {isa = PBXBuildFile; fileRef = 16640A6A1D9E1E7B00707BFC /* DIScope.swift */; };
		169C0DD41DA3501F001F0AD5 /* Helpers.swift in Sources */ = {isa = PBXBuildFile; fileRef = 16640A541D9E1E7B00707BFC /* Helpers.swift */; };
		169C0DD51DA3501F001F0AD5 /* DIContainerBuilder.swift in Sources */ = {isa = PBXBuildFile; fileRef = 16640A651D9E1E7B00707BFC /* DIContainerBuilder.swift */; };
		169C0DD61DA3501F001F0AD5 /* DIScope.ShortSyntax.swift in Sources */ = {isa = PBXBuildFile; fileRef = 16640A691D9E1E7B00707BFC /* DIScope.ShortSyntax.swift */; };
		169C0DD71DA3501F001F0AD5 /* RType.swift in Sources */ = {isa = PBXBuildFile; fileRef = 16640A571D9E1E7B00707BFC /* RType.swift */; };
		169C0DD81DA3501F001F0AD5 /* DIModule.swift in Sources */ = {isa = PBXBuildFile; fileRef = 16640A671D9E1E7B00707BFC /* DIModule.swift */; };
		169C0DD91DA3501F001F0AD5 /* RTypeWithName.swift in Sources */ = {isa = PBXBuildFile; fileRef = 16640A581D9E1E7B00707BFC /* RTypeWithName.swift */; };
		169C0DDA1DA3501F001F0AD5 /* DIAssembly.swift in Sources */ = {isa = PBXBuildFile; fileRef = 16640A4E1D9E1E7B00707BFC /* DIAssembly.swift */; };
		169C0DDC1DA3501F001F0AD5 /* RTypeBase.swift in Sources */ = {isa = PBXBuildFile; fileRef = 16640A561D9E1E7B00707BFC /* RTypeBase.swift */; };
		169C0DDF1DA3501F001F0AD5 /* DITranquillity.h in Headers */ = {isa = PBXBuildFile; fileRef = 16640A6B1D9E1E7B00707BFC /* DITranquillity.h */; settings = {ATTRIBUTES = (Public, ); }; };
		169C0E161DA352C7001F0AD5 /* DIStoryboardBase.h in Headers */ = {isa = PBXBuildFile; fileRef = 169C0E111DA352C7001F0AD5 /* DIStoryboardBase.h */; settings = {ATTRIBUTES = (Public, ); }; };
		169C0E171DA352C7001F0AD5 /* DIStoryboardBase.m in Sources */ = {isa = PBXBuildFile; fileRef = 169C0E121DA352C7001F0AD5 /* DIStoryboardBase.m */; };
		169C0E1A1DA352CF001F0AD5 /* DIStoryboardBase.h in Headers */ = {isa = PBXBuildFile; fileRef = 169C0E141DA352C7001F0AD5 /* DIStoryboardBase.h */; settings = {ATTRIBUTES = (Public, ); }; };
		169C0E1B1DA352D2001F0AD5 /* DIStoryboardBase.m in Sources */ = {isa = PBXBuildFile; fileRef = 169C0E151DA352C7001F0AD5 /* DIStoryboardBase.m */; };
		169C0E211DA357C3001F0AD5 /* DIStoryboard.swift in Sources */ = {isa = PBXBuildFile; fileRef = 169C0E201DA357C3001F0AD5 /* DIStoryboard.swift */; };
		169C0E241DA357CA001F0AD5 /* DIStoryboard.swift in Sources */ = {isa = PBXBuildFile; fileRef = 169C0E221DA357C8001F0AD5 /* DIStoryboard.swift */; };
		169C0E291DA35CBE001F0AD5 /* RTypeFinal.swift in Sources */ = {isa = PBXBuildFile; fileRef = 16640A591D9E1E7B00707BFC /* RTypeFinal.swift */; };
		169C0E2A1DA35CBE001F0AD5 /* DIRegistrationBuilder.swift in Sources */ = {isa = PBXBuildFile; fileRef = 16640A681D9E1E7B00707BFC /* DIRegistrationBuilder.swift */; };
		169C0E2C1DA35CBE001F0AD5 /* DIScope.TypeArg.swift in Sources */ = {isa = PBXBuildFile; fileRef = 16640A641D9E1E7B00707BFC /* DIScope.TypeArg.swift */; };
		169C0E2D1DA35CBE001F0AD5 /* DIRegistrationBuilder.Params.swift in Sources */ = {isa = PBXBuildFile; fileRef = 16640A621D9E1E7B00707BFC /* DIRegistrationBuilder.Params.swift */; };
		169C0E2E1DA35CBE001F0AD5 /* DIScope.Arg.swift in Sources */ = {isa = PBXBuildFile; fileRef = 16640A631D9E1E7B00707BFC /* DIScope.Arg.swift */; };
		169C0E301DA35CBE001F0AD5 /* DIContainerBuilder.Register.swift in Sources */ = {isa = PBXBuildFile; fileRef = 165F614E1D9E78DD00F6126E /* DIContainerBuilder.Register.swift */; };
		169C0E311DA35CBE001F0AD5 /* DIMultyMap.swift in Sources */ = {isa = PBXBuildFile; fileRef = 16640A521D9E1E7B00707BFC /* DIMultyMap.swift */; };
		169C0E321DA35CBE001F0AD5 /* Weak.swift in Sources */ = {isa = PBXBuildFile; fileRef = 16640A5E1D9E1E7B00707BFC /* Weak.swift */; };
		169C0E331DA35CBE001F0AD5 /* DIError.swift in Sources */ = {isa = PBXBuildFile; fileRef = 16640A661D9E1E7B00707BFC /* DIError.swift */; };
		169C0E341DA35CBE001F0AD5 /* RTypeContainerFinal.swift in Sources */ = {isa = PBXBuildFile; fileRef = 16640A5C1D9E1E7B00707BFC /* RTypeContainerFinal.swift */; };
		169C0E351DA35CBE001F0AD5 /* DIStoryboardBase.m in Sources */ = {isa = PBXBuildFile; fileRef = 169C0E121DA352C7001F0AD5 /* DIStoryboardBase.m */; };
		169C0E361DA35CBE001F0AD5 /* RTypeContainer.swift in Sources */ = {isa = PBXBuildFile; fileRef = 16640A5B1D9E1E7B00707BFC /* RTypeContainer.swift */; };
		169C0E371DA35CBE001F0AD5 /* DIScopeImpl.swift in Sources */ = {isa = PBXBuildFile; fileRef = 16640A531D9E1E7B00707BFC /* DIScopeImpl.swift */; };
		169C0E381DA35CBE001F0AD5 /* DIDynamicAssembly.swift in Sources */ = {isa = PBXBuildFile; fileRef = 16640A4F1D9E1E7B00707BFC /* DIDynamicAssembly.swift */; };
		169C0E391DA35CBE001F0AD5 /* DIScope.swift in Sources */ = {isa = PBXBuildFile; fileRef = 16640A6A1D9E1E7B00707BFC /* DIScope.swift */; };
		169C0E3A1DA35CBE001F0AD5 /* Helpers.swift in Sources */ = {isa = PBXBuildFile; fileRef = 16640A541D9E1E7B00707BFC /* Helpers.swift */; };
		169C0E3B1DA35CBE001F0AD5 /* DIContainerBuilder.swift in Sources */ = {isa = PBXBuildFile; fileRef = 16640A651D9E1E7B00707BFC /* DIContainerBuilder.swift */; };
		169C0E3C1DA35CBE001F0AD5 /* DIScope.ShortSyntax.swift in Sources */ = {isa = PBXBuildFile; fileRef = 16640A691D9E1E7B00707BFC /* DIScope.ShortSyntax.swift */; };
		169C0E3D1DA35CBE001F0AD5 /* RType.swift in Sources */ = {isa = PBXBuildFile; fileRef = 16640A571D9E1E7B00707BFC /* RType.swift */; };
		169C0E3E1DA35CBE001F0AD5 /* DIModule.swift in Sources */ = {isa = PBXBuildFile; fileRef = 16640A671D9E1E7B00707BFC /* DIModule.swift */; };
		169C0E3F1DA35CBE001F0AD5 /* RTypeWithName.swift in Sources */ = {isa = PBXBuildFile; fileRef = 16640A581D9E1E7B00707BFC /* RTypeWithName.swift */; };
		169C0E401DA35CBE001F0AD5 /* DIAssembly.swift in Sources */ = {isa = PBXBuildFile; fileRef = 16640A4E1D9E1E7B00707BFC /* DIAssembly.swift */; };
		169C0E411DA35CBE001F0AD5 /* RTypeBase.swift in Sources */ = {isa = PBXBuildFile; fileRef = 16640A561D9E1E7B00707BFC /* RTypeBase.swift */; };
		169C0E421DA35CBE001F0AD5 /* DIStoryboard.swift in Sources */ = {isa = PBXBuildFile; fileRef = 169C0E201DA357C3001F0AD5 /* DIStoryboard.swift */; };
		169C0E451DA35CBE001F0AD5 /* DITranquillity.h in Headers */ = {isa = PBXBuildFile; fileRef = 16640A6B1D9E1E7B00707BFC /* DITranquillity.h */; settings = {ATTRIBUTES = (Public, ); }; };
		169C0E461DA35CBE001F0AD5 /* DIStoryboardBase.h in Headers */ = {isa = PBXBuildFile; fileRef = 169C0E111DA352C7001F0AD5 /* DIStoryboardBase.h */; settings = {ATTRIBUTES = (Public, ); }; };
		16D7BCB81DB086B000A29A9F /* DIScan.swift in Sources */ = {isa = PBXBuildFile; fileRef = 16D7BCB51DB086B000A29A9F /* DIScan.swift */; };
		16D7BCB91DB086B000A29A9F /* DIScanAssembly.swift in Sources */ = {isa = PBXBuildFile; fileRef = 16D7BCB61DB086B000A29A9F /* DIScanAssembly.swift */; };
		16D7BCBA1DB086B000A29A9F /* DIScanModule.swift in Sources */ = {isa = PBXBuildFile; fileRef = 16D7BCB71DB086B000A29A9F /* DIScanModule.swift */; };
		16D7BCBB1DB086B500A29A9F /* DIScan.swift in Sources */ = {isa = PBXBuildFile; fileRef = 16D7BCB51DB086B000A29A9F /* DIScan.swift */; };
		16D7BCBC1DB086B600A29A9F /* DIScan.swift in Sources */ = {isa = PBXBuildFile; fileRef = 16D7BCB51DB086B000A29A9F /* DIScan.swift */; };
		16D7BCBD1DB086B900A29A9F /* DIScanAssembly.swift in Sources */ = {isa = PBXBuildFile; fileRef = 16D7BCB61DB086B000A29A9F /* DIScanAssembly.swift */; };
		16D7BCBE1DB086B900A29A9F /* DIScanModule.swift in Sources */ = {isa = PBXBuildFile; fileRef = 16D7BCB71DB086B000A29A9F /* DIScanModule.swift */; };
		16D7BCBF1DB086B900A29A9F /* DIScanAssembly.swift in Sources */ = {isa = PBXBuildFile; fileRef = 16D7BCB61DB086B000A29A9F /* DIScanAssembly.swift */; };
		16D7BCC01DB086B900A29A9F /* DIScanModule.swift in Sources */ = {isa = PBXBuildFile; fileRef = 16D7BCB71DB086B000A29A9F /* DIScanModule.swift */; };
/* End PBXBuildFile section */

/* Begin PBXFileReference section */
		110B5ADB1E4250D500A864A9 /* DIRegistrationBuilder.Arg.swift */ = {isa = PBXFileReference; fileEncoding = 4; lastKnownFileType = sourcecode.swift; path = DIRegistrationBuilder.Arg.swift; sourceTree = "<group>"; };
		1142C1DF1E44E74C0000517F /* DIRegistrationBuilder.Injection.swift */ = {isa = PBXFileReference; fileEncoding = 4; lastKnownFileType = sourcecode.swift; path = DIRegistrationBuilder.Injection.swift; sourceTree = "<group>"; };
		118DBCCB1E4100BF003A7D1F /* DIStoryboardResolver.swift */ = {isa = PBXFileReference; fileEncoding = 4; lastKnownFileType = sourcecode.swift; path = DIStoryboardResolver.swift; sourceTree = "<group>"; };
		118DBCCD1E4100C5003A7D1F /* DIStoryboardResolver.swift */ = {isa = PBXFileReference; fileEncoding = 4; lastKnownFileType = sourcecode.swift; path = DIStoryboardResolver.swift; sourceTree = "<group>"; };
		11FD649D1E3FA3390043A036 /* DIContainerBuilder.Register.Arg.swift */ = {isa = PBXFileReference; fileEncoding = 4; lastKnownFileType = sourcecode.swift; path = DIContainerBuilder.Register.Arg.swift; sourceTree = "<group>"; };
		163DDDC51DB9C84E0003DE54 /* DITypes.swift */ = {isa = PBXFileReference; fileEncoding = 4; lastKnownFileType = sourcecode.swift; path = DITypes.swift; sourceTree = "<group>"; };
		165F614E1D9E78DD00F6126E /* DIContainerBuilder.Register.swift */ = {isa = PBXFileReference; fileEncoding = 4; lastKnownFileType = sourcecode.swift; path = DIContainerBuilder.Register.swift; sourceTree = "<group>"; };
		16640A4E1D9E1E7B00707BFC /* DIAssembly.swift */ = {isa = PBXFileReference; fileEncoding = 4; lastKnownFileType = sourcecode.swift; path = DIAssembly.swift; sourceTree = "<group>"; };
		16640A4F1D9E1E7B00707BFC /* DIDynamicAssembly.swift */ = {isa = PBXFileReference; fileEncoding = 4; lastKnownFileType = sourcecode.swift; path = DIDynamicAssembly.swift; sourceTree = "<group>"; };
		16640A521D9E1E7B00707BFC /* DIMultyMap.swift */ = {isa = PBXFileReference; fileEncoding = 4; lastKnownFileType = sourcecode.swift; path = DIMultyMap.swift; sourceTree = "<group>"; };
		16640A531D9E1E7B00707BFC /* DIScopeImpl.swift */ = {isa = PBXFileReference; fileEncoding = 4; lastKnownFileType = sourcecode.swift; path = DIScopeImpl.swift; sourceTree = "<group>"; };
		16640A541D9E1E7B00707BFC /* Helpers.swift */ = {isa = PBXFileReference; fileEncoding = 4; lastKnownFileType = sourcecode.swift; path = Helpers.swift; sourceTree = "<group>"; };
		16640A561D9E1E7B00707BFC /* RTypeBase.swift */ = {isa = PBXFileReference; fileEncoding = 4; lastKnownFileType = sourcecode.swift; path = RTypeBase.swift; sourceTree = "<group>"; };
		16640A571D9E1E7B00707BFC /* RType.swift */ = {isa = PBXFileReference; fileEncoding = 4; lastKnownFileType = sourcecode.swift; path = RType.swift; sourceTree = "<group>"; };
		16640A581D9E1E7B00707BFC /* RTypeWithName.swift */ = {isa = PBXFileReference; fileEncoding = 4; lastKnownFileType = sourcecode.swift; path = RTypeWithName.swift; sourceTree = "<group>"; };
		16640A591D9E1E7B00707BFC /* RTypeFinal.swift */ = {isa = PBXFileReference; fileEncoding = 4; lastKnownFileType = sourcecode.swift; path = RTypeFinal.swift; sourceTree = "<group>"; };
		16640A5B1D9E1E7B00707BFC /* RTypeContainer.swift */ = {isa = PBXFileReference; fileEncoding = 4; lastKnownFileType = sourcecode.swift; path = RTypeContainer.swift; sourceTree = "<group>"; };
		16640A5C1D9E1E7B00707BFC /* RTypeContainerFinal.swift */ = {isa = PBXFileReference; fileEncoding = 4; lastKnownFileType = sourcecode.swift; path = RTypeContainerFinal.swift; sourceTree = "<group>"; };
		16640A5E1D9E1E7B00707BFC /* Weak.swift */ = {isa = PBXFileReference; fileEncoding = 4; lastKnownFileType = sourcecode.swift; path = Weak.swift; sourceTree = "<group>"; };
		16640A611D9E1E7B00707BFC /* autogenerate.sh */ = {isa = PBXFileReference; fileEncoding = 4; lastKnownFileType = text.script.sh; path = autogenerate.sh; sourceTree = "<group>"; };
		16640A621D9E1E7B00707BFC /* DIRegistrationBuilder.Params.swift */ = {isa = PBXFileReference; fileEncoding = 4; lastKnownFileType = sourcecode.swift; path = DIRegistrationBuilder.Params.swift; sourceTree = "<group>"; };
		16640A631D9E1E7B00707BFC /* DIScope.Arg.swift */ = {isa = PBXFileReference; fileEncoding = 4; lastKnownFileType = sourcecode.swift; path = DIScope.Arg.swift; sourceTree = "<group>"; };
		16640A641D9E1E7B00707BFC /* DIScope.TypeArg.swift */ = {isa = PBXFileReference; fileEncoding = 4; lastKnownFileType = sourcecode.swift; path = DIScope.TypeArg.swift; sourceTree = "<group>"; };
		16640A651D9E1E7B00707BFC /* DIContainerBuilder.swift */ = {isa = PBXFileReference; fileEncoding = 4; lastKnownFileType = sourcecode.swift; path = DIContainerBuilder.swift; sourceTree = "<group>"; };
		16640A661D9E1E7B00707BFC /* DIError.swift */ = {isa = PBXFileReference; fileEncoding = 4; lastKnownFileType = sourcecode.swift; path = DIError.swift; sourceTree = "<group>"; };
		16640A671D9E1E7B00707BFC /* DIModule.swift */ = {isa = PBXFileReference; fileEncoding = 4; lastKnownFileType = sourcecode.swift; path = DIModule.swift; sourceTree = "<group>"; };
		16640A681D9E1E7B00707BFC /* DIRegistrationBuilder.swift */ = {isa = PBXFileReference; fileEncoding = 4; lastKnownFileType = sourcecode.swift; path = DIRegistrationBuilder.swift; sourceTree = "<group>"; };
		16640A691D9E1E7B00707BFC /* DIScope.ShortSyntax.swift */ = {isa = PBXFileReference; fileEncoding = 4; lastKnownFileType = sourcecode.swift; path = DIScope.ShortSyntax.swift; sourceTree = "<group>"; };
		16640A6A1D9E1E7B00707BFC /* DIScope.swift */ = {isa = PBXFileReference; fileEncoding = 4; lastKnownFileType = sourcecode.swift; path = DIScope.swift; sourceTree = "<group>"; };
		16640A6B1D9E1E7B00707BFC /* DITranquillity.h */ = {isa = PBXFileReference; fileEncoding = 4; lastKnownFileType = sourcecode.c.h; path = DITranquillity.h; sourceTree = "<group>"; };
		169C0DE51DA3501F001F0AD5 /* DITranquillity.framework */ = {isa = PBXFileReference; explicitFileType = wrapper.framework; includeInIndex = 0; path = DITranquillity.framework; sourceTree = BUILT_PRODUCTS_DIR; };
		169C0E111DA352C7001F0AD5 /* DIStoryboardBase.h */ = {isa = PBXFileReference; fileEncoding = 4; lastKnownFileType = sourcecode.c.h; lineEnding = 0; path = DIStoryboardBase.h; sourceTree = "<group>"; };
		169C0E121DA352C7001F0AD5 /* DIStoryboardBase.m */ = {isa = PBXFileReference; fileEncoding = 4; lastKnownFileType = sourcecode.c.objc; path = DIStoryboardBase.m; sourceTree = "<group>"; };
		169C0E141DA352C7001F0AD5 /* DIStoryboardBase.h */ = {isa = PBXFileReference; fileEncoding = 4; lastKnownFileType = sourcecode.c.h; path = DIStoryboardBase.h; sourceTree = "<group>"; };
		169C0E151DA352C7001F0AD5 /* DIStoryboardBase.m */ = {isa = PBXFileReference; fileEncoding = 4; lastKnownFileType = sourcecode.c.objc; path = DIStoryboardBase.m; sourceTree = "<group>"; };
		169C0E1C1DA355A6001F0AD5 /* Info.plist */ = {isa = PBXFileReference; fileEncoding = 4; lastKnownFileType = text.plist.xml; path = Info.plist; sourceTree = "<group>"; };
		169C0E201DA357C3001F0AD5 /* DIStoryboard.swift */ = {isa = PBXFileReference; fileEncoding = 4; lastKnownFileType = sourcecode.swift; path = DIStoryboard.swift; sourceTree = "<group>"; };
		169C0E221DA357C8001F0AD5 /* DIStoryboard.swift */ = {isa = PBXFileReference; fileEncoding = 4; lastKnownFileType = sourcecode.swift; path = DIStoryboard.swift; sourceTree = "<group>"; };
		169C0E4B1DA35CBE001F0AD5 /* DITranquillity.framework */ = {isa = PBXFileReference; explicitFileType = wrapper.framework; includeInIndex = 0; path = DITranquillity.framework; sourceTree = BUILT_PRODUCTS_DIR; };
		16D7BCB51DB086B000A29A9F /* DIScan.swift */ = {isa = PBXFileReference; fileEncoding = 4; lastKnownFileType = sourcecode.swift; path = DIScan.swift; sourceTree = "<group>"; };
		16D7BCB61DB086B000A29A9F /* DIScanAssembly.swift */ = {isa = PBXFileReference; fileEncoding = 4; lastKnownFileType = sourcecode.swift; path = DIScanAssembly.swift; sourceTree = "<group>"; };
		16D7BCB71DB086B000A29A9F /* DIScanModule.swift */ = {isa = PBXFileReference; fileEncoding = 4; lastKnownFileType = sourcecode.swift; path = DIScanModule.swift; sourceTree = "<group>"; };
		A58875541D0944AE00D6DE92 /* DITranquillity.framework */ = {isa = PBXFileReference; explicitFileType = wrapper.framework; includeInIndex = 0; path = DITranquillity.framework; sourceTree = BUILT_PRODUCTS_DIR; };
/* End PBXFileReference section */

/* Begin PBXFrameworksBuildPhase section */
		169C0DDD1DA3501F001F0AD5 /* Frameworks */ = {
			isa = PBXFrameworksBuildPhase;
			buildActionMask = 2147483647;
			files = (
			);
			runOnlyForDeploymentPostprocessing = 0;
		};
		169C0E431DA35CBE001F0AD5 /* Frameworks */ = {
			isa = PBXFrameworksBuildPhase;
			buildActionMask = 2147483647;
			files = (
			);
			runOnlyForDeploymentPostprocessing = 0;
		};
		A58875501D0944AE00D6DE92 /* Frameworks */ = {
			isa = PBXFrameworksBuildPhase;
			buildActionMask = 2147483647;
			files = (
			);
			runOnlyForDeploymentPostprocessing = 0;
		};
/* End PBXFrameworksBuildPhase section */

/* Begin PBXGroup section */
		16640A4C1D9E1E7B00707BFC /* Sources */ = {
			isa = PBXGroup;
			children = (
				16D7BCB41DB086B000A29A9F /* Scan */,
				169C0E1C1DA355A6001F0AD5 /* Info.plist */,
				16640A4D1D9E1E7B00707BFC /* Assembly */,
				16640A501D9E1E7B00707BFC /* Core */,
				16640A6B1D9E1E7B00707BFC /* DITranquillity.h */,
				16640A6D1D9E1E7B00707BFC /* Storyboard */,
			);
			path = Sources;
			sourceTree = SOURCE_ROOT;
		};
		16640A4D1D9E1E7B00707BFC /* Assembly */ = {
			isa = PBXGroup;
			children = (
				16640A4E1D9E1E7B00707BFC /* DIAssembly.swift */,
				16640A4F1D9E1E7B00707BFC /* DIDynamicAssembly.swift */,
			);
			path = Assembly;
			sourceTree = "<group>";
		};
		16640A501D9E1E7B00707BFC /* Core */ = {
			isa = PBXGroup;
			children = (
				16640A511D9E1E7B00707BFC /* Private */,
				16640A5F1D9E1E7B00707BFC /* Public */,
			);
			path = Core;
			sourceTree = "<group>";
		};
		16640A511D9E1E7B00707BFC /* Private */ = {
			isa = PBXGroup;
			children = (
				16640A521D9E1E7B00707BFC /* DIMultyMap.swift */,
				16640A531D9E1E7B00707BFC /* DIScopeImpl.swift */,
				16640A541D9E1E7B00707BFC /* Helpers.swift */,
				16640A551D9E1E7B00707BFC /* rType */,
				16640A5A1D9E1E7B00707BFC /* rTypeContainer */,
				16640A5E1D9E1E7B00707BFC /* Weak.swift */,
			);
			path = Private;
			sourceTree = "<group>";
		};
		16640A551D9E1E7B00707BFC /* rType */ = {
			isa = PBXGroup;
			children = (
				16640A561D9E1E7B00707BFC /* RTypeBase.swift */,
				16640A571D9E1E7B00707BFC /* RType.swift */,
				16640A591D9E1E7B00707BFC /* RTypeFinal.swift */,
				16640A581D9E1E7B00707BFC /* RTypeWithName.swift */,
			);
			path = rType;
			sourceTree = "<group>";
		};
		16640A5A1D9E1E7B00707BFC /* rTypeContainer */ = {
			isa = PBXGroup;
			children = (
				16640A5B1D9E1E7B00707BFC /* RTypeContainer.swift */,
				16640A5C1D9E1E7B00707BFC /* RTypeContainerFinal.swift */,
			);
			path = rTypeContainer;
			sourceTree = "<group>";
		};
		16640A5F1D9E1E7B00707BFC /* Public */ = {
			isa = PBXGroup;
			children = (
				16640A601D9E1E7B00707BFC /* Arg */,
				16640A651D9E1E7B00707BFC /* DIContainerBuilder.swift */,
				165F614E1D9E78DD00F6126E /* DIContainerBuilder.Register.swift */,
				16640A661D9E1E7B00707BFC /* DIError.swift */,
				16640A671D9E1E7B00707BFC /* DIModule.swift */,
				16640A681D9E1E7B00707BFC /* DIRegistrationBuilder.swift */,
				16640A6A1D9E1E7B00707BFC /* DIScope.swift */,
				16640A691D9E1E7B00707BFC /* DIScope.ShortSyntax.swift */,
				163DDDC51DB9C84E0003DE54 /* DITypes.swift */,
			);
			path = Public;
			sourceTree = "<group>";
		};
		16640A601D9E1E7B00707BFC /* Arg */ = {
			isa = PBXGroup;
			children = (
				16640A611D9E1E7B00707BFC /* autogenerate.sh */,
				110B5ADB1E4250D500A864A9 /* DIRegistrationBuilder.Arg.swift */,
				16640A621D9E1E7B00707BFC /* DIRegistrationBuilder.Params.swift */,
				1142C1DF1E44E74C0000517F /* DIRegistrationBuilder.Injection.swift */,
				16640A631D9E1E7B00707BFC /* DIScope.Arg.swift */,
				16640A641D9E1E7B00707BFC /* DIScope.TypeArg.swift */,
				11FD649D1E3FA3390043A036 /* DIContainerBuilder.Register.Arg.swift */,
			);
			path = Arg;
			sourceTree = "<group>";
		};
		16640A6D1D9E1E7B00707BFC /* Storyboard */ = {
			isa = PBXGroup;
			children = (
				169C0E101DA352C7001F0AD5 /* iOS-tvOS */,
				169C0E131DA352C7001F0AD5 /* OSX */,
			);
			path = Storyboard;
			sourceTree = "<group>";
		};
		169C0E101DA352C7001F0AD5 /* iOS-tvOS */ = {
			isa = PBXGroup;
			children = (
				118DBCCB1E4100BF003A7D1F /* DIStoryboardResolver.swift */,
				169C0E201DA357C3001F0AD5 /* DIStoryboard.swift */,
				169C0E111DA352C7001F0AD5 /* DIStoryboardBase.h */,
				169C0E121DA352C7001F0AD5 /* DIStoryboardBase.m */,
			);
			path = "iOS-tvOS";
			sourceTree = "<group>";
		};
		169C0E131DA352C7001F0AD5 /* OSX */ = {
			isa = PBXGroup;
			children = (
				118DBCCD1E4100C5003A7D1F /* DIStoryboardResolver.swift */,
				169C0E221DA357C8001F0AD5 /* DIStoryboard.swift */,
				169C0E141DA352C7001F0AD5 /* DIStoryboardBase.h */,
				169C0E151DA352C7001F0AD5 /* DIStoryboardBase.m */,
			);
			path = OSX;
			sourceTree = "<group>";
		};
		16D7BCB41DB086B000A29A9F /* Scan */ = {
			isa = PBXGroup;
			children = (
				16D7BCB51DB086B000A29A9F /* DIScan.swift */,
				16D7BCB61DB086B000A29A9F /* DIScanAssembly.swift */,
				16D7BCB71DB086B000A29A9F /* DIScanModule.swift */,
			);
			path = Scan;
			sourceTree = "<group>";
		};
		A588754A1D0944AE00D6DE92 = {
			isa = PBXGroup;
			children = (
				16640A4C1D9E1E7B00707BFC /* Sources */,
				A58875551D0944AE00D6DE92 /* Products */,
			);
			sourceTree = "<group>";
		};
		A58875551D0944AE00D6DE92 /* Products */ = {
			isa = PBXGroup;
			children = (
				A58875541D0944AE00D6DE92 /* DITranquillity.framework */,
				169C0DE51DA3501F001F0AD5 /* DITranquillity.framework */,
				169C0E4B1DA35CBE001F0AD5 /* DITranquillity.framework */,
			);
			name = Products;
			sourceTree = "<group>";
		};
/* End PBXGroup section */

/* Begin PBXHeadersBuildPhase section */
		169C0DDE1DA3501F001F0AD5 /* Headers */ = {
			isa = PBXHeadersBuildPhase;
			buildActionMask = 2147483647;
			files = (
				169C0DDF1DA3501F001F0AD5 /* DITranquillity.h in Headers */,
				169C0E1A1DA352CF001F0AD5 /* DIStoryboardBase.h in Headers */,
			);
			runOnlyForDeploymentPostprocessing = 0;
		};
		169C0E441DA35CBE001F0AD5 /* Headers */ = {
			isa = PBXHeadersBuildPhase;
			buildActionMask = 2147483647;
			files = (
				169C0E451DA35CBE001F0AD5 /* DITranquillity.h in Headers */,
				169C0E461DA35CBE001F0AD5 /* DIStoryboardBase.h in Headers */,
			);
			runOnlyForDeploymentPostprocessing = 0;
		};
		A58875511D0944AE00D6DE92 /* Headers */ = {
			isa = PBXHeadersBuildPhase;
			buildActionMask = 2147483647;
			files = (
				16640A881D9E1E7B00707BFC /* DITranquillity.h in Headers */,
				169C0E161DA352C7001F0AD5 /* DIStoryboardBase.h in Headers */,
			);
			runOnlyForDeploymentPostprocessing = 0;
		};
/* End PBXHeadersBuildPhase section */

/* Begin PBXNativeTarget section */
		169C0DC11DA3501F001F0AD5 /* DITranquillity-OSX */ = {
			isa = PBXNativeTarget;
			buildConfigurationList = 169C0DE21DA3501F001F0AD5 /* Build configuration list for PBXNativeTarget "DITranquillity-OSX" */;
			buildPhases = (
				169C0DC21DA3501F001F0AD5 /* Sources */,
				169C0DDD1DA3501F001F0AD5 /* Frameworks */,
				169C0DDE1DA3501F001F0AD5 /* Headers */,
				169C0DE11DA3501F001F0AD5 /* Resources */,
			);
			buildRules = (
			);
			dependencies = (
			);
			name = "DITranquillity-OSX";
			productName = DITranquillity;
			productReference = 169C0DE51DA3501F001F0AD5 /* DITranquillity.framework */;
			productType = "com.apple.product-type.framework";
		};
		169C0E271DA35CBE001F0AD5 /* DITranquillity-tvOS */ = {
			isa = PBXNativeTarget;
			buildConfigurationList = 169C0E481DA35CBE001F0AD5 /* Build configuration list for PBXNativeTarget "DITranquillity-tvOS" */;
			buildPhases = (
				169C0E281DA35CBE001F0AD5 /* Sources */,
				169C0E431DA35CBE001F0AD5 /* Frameworks */,
				169C0E441DA35CBE001F0AD5 /* Headers */,
				169C0E471DA35CBE001F0AD5 /* Resources */,
			);
			buildRules = (
			);
			dependencies = (
			);
			name = "DITranquillity-tvOS";
			productName = DITranquillity;
			productReference = 169C0E4B1DA35CBE001F0AD5 /* DITranquillity.framework */;
			productType = "com.apple.product-type.framework";
		};
		A58875531D0944AE00D6DE92 /* DITranquillity-iOS */ = {
			isa = PBXNativeTarget;
			buildConfigurationList = A588755C1D0944AE00D6DE92 /* Build configuration list for PBXNativeTarget "DITranquillity-iOS" */;
			buildPhases = (
				A588754F1D0944AE00D6DE92 /* Sources */,
				A58875501D0944AE00D6DE92 /* Frameworks */,
				A58875511D0944AE00D6DE92 /* Headers */,
				A58875521D0944AE00D6DE92 /* Resources */,
			);
			buildRules = (
			);
			dependencies = (
			);
			name = "DITranquillity-iOS";
			productName = DITranquillity;
			productReference = A58875541D0944AE00D6DE92 /* DITranquillity.framework */;
			productType = "com.apple.product-type.framework";
		};
/* End PBXNativeTarget section */

/* Begin PBXProject section */
		A588754B1D0944AE00D6DE92 /* Project object */ = {
			isa = PBXProject;
			attributes = {
				LastUpgradeCheck = 0800;
				ORGANIZATIONNAME = "Alexander Ivlev";
				TargetAttributes = {
					A58875531D0944AE00D6DE92 = {
						CreatedOnToolsVersion = 7.3.1;
						LastSwiftMigration = 0800;
					};
				};
			};
			buildConfigurationList = A588754E1D0944AE00D6DE92 /* Build configuration list for PBXProject "DITranquillity" */;
			compatibilityVersion = "Xcode 3.2";
			developmentRegion = English;
			hasScannedForEncodings = 0;
			knownRegions = (
				en,
			);
			mainGroup = A588754A1D0944AE00D6DE92;
			productRefGroup = A58875551D0944AE00D6DE92 /* Products */;
			projectDirPath = "";
			projectRoot = "";
			targets = (
				A58875531D0944AE00D6DE92 /* DITranquillity-iOS */,
				169C0DC11DA3501F001F0AD5 /* DITranquillity-OSX */,
				169C0E271DA35CBE001F0AD5 /* DITranquillity-tvOS */,
			);
		};
/* End PBXProject section */

/* Begin PBXResourcesBuildPhase section */
		169C0DE11DA3501F001F0AD5 /* Resources */ = {
			isa = PBXResourcesBuildPhase;
			buildActionMask = 2147483647;
			files = (
			);
			runOnlyForDeploymentPostprocessing = 0;
		};
		169C0E471DA35CBE001F0AD5 /* Resources */ = {
			isa = PBXResourcesBuildPhase;
			buildActionMask = 2147483647;
			files = (
			);
			runOnlyForDeploymentPostprocessing = 0;
		};
		A58875521D0944AE00D6DE92 /* Resources */ = {
			isa = PBXResourcesBuildPhase;
			buildActionMask = 2147483647;
			files = (
			);
			runOnlyForDeploymentPostprocessing = 0;
		};
/* End PBXResourcesBuildPhase section */

/* Begin PBXSourcesBuildPhase section */
		169C0DC21DA3501F001F0AD5 /* Sources */ = {
			isa = PBXSourcesBuildPhase;
			buildActionMask = 2147483647;
			files = (
				169C0DC31DA3501F001F0AD5 /* RTypeFinal.swift in Sources */,
				169C0DC41DA3501F001F0AD5 /* DIRegistrationBuilder.swift in Sources */,
				169C0DC61DA3501F001F0AD5 /* DIScope.TypeArg.swift in Sources */,
				169C0DC71DA3501F001F0AD5 /* DIRegistrationBuilder.Params.swift in Sources */,
				169C0DC81DA3501F001F0AD5 /* DIScope.Arg.swift in Sources */,
				16D7BCBE1DB086B900A29A9F /* DIScanModule.swift in Sources */,
				169C0DCB1DA3501F001F0AD5 /* DIContainerBuilder.Register.swift in Sources */,
				118DBCCF1E4100CA003A7D1F /* DIStoryboardResolver.swift in Sources */,
				169C0DCC1DA3501F001F0AD5 /* DIMultyMap.swift in Sources */,
				169C0DCD1DA3501F001F0AD5 /* Weak.swift in Sources */,
				169C0DCE1DA3501F001F0AD5 /* DIError.swift in Sources */,
				169C0DCF1DA3501F001F0AD5 /* RTypeContainerFinal.swift in Sources */,
				169C0E1B1DA352D2001F0AD5 /* DIStoryboardBase.m in Sources */,
				163DDDC71DB9C84E0003DE54 /* DITypes.swift in Sources */,
				169C0DD01DA3501F001F0AD5 /* RTypeContainer.swift in Sources */,
				169C0DD11DA3501F001F0AD5 /* DIScopeImpl.swift in Sources */,
				169C0DD21DA3501F001F0AD5 /* DIDynamicAssembly.swift in Sources */,
				1142460F1E45A24100F8B3BA /* DIRegistrationBuilder.Arg.swift in Sources */,
				169C0DD31DA3501F001F0AD5 /* DIScope.swift in Sources */,
				16D7BCBB1DB086B500A29A9F /* DIScan.swift in Sources */,
				169C0DD41DA3501F001F0AD5 /* Helpers.swift in Sources */,
				169C0DD51DA3501F001F0AD5 /* DIContainerBuilder.swift in Sources */,
				169C0DD61DA3501F001F0AD5 /* DIScope.ShortSyntax.swift in Sources */,
				169C0DD71DA3501F001F0AD5 /* RType.swift in Sources */,
				169C0DD81DA3501F001F0AD5 /* DIModule.swift in Sources */,
				169C0DD91DA3501F001F0AD5 /* RTypeWithName.swift in Sources */,
				169C0DDA1DA3501F001F0AD5 /* DIAssembly.swift in Sources */,
				1142C1E11E44E74C0000517F /* DIRegistrationBuilder.Injection.swift in Sources */,
				16D7BCBD1DB086B900A29A9F /* DIScanAssembly.swift in Sources */,
				11FD649F1E3FA3390043A036 /* DIContainerBuilder.Register.Arg.swift in Sources */,
				169C0DDC1DA3501F001F0AD5 /* RTypeBase.swift in Sources */,
				169C0E241DA357CA001F0AD5 /* DIStoryboard.swift in Sources */,
			);
			runOnlyForDeploymentPostprocessing = 0;
		};
		169C0E281DA35CBE001F0AD5 /* Sources */ = {
			isa = PBXSourcesBuildPhase;
			buildActionMask = 2147483647;
			files = (
				169C0E291DA35CBE001F0AD5 /* RTypeFinal.swift in Sources */,
				169C0E2A1DA35CBE001F0AD5 /* DIRegistrationBuilder.swift in Sources */,
				169C0E2C1DA35CBE001F0AD5 /* DIScope.TypeArg.swift in Sources */,
				169C0E2D1DA35CBE001F0AD5 /* DIRegistrationBuilder.Params.swift in Sources */,
				169C0E2E1DA35CBE001F0AD5 /* DIScope.Arg.swift in Sources */,
				16D7BCC01DB086B900A29A9F /* DIScanModule.swift in Sources */,
				169C0E301DA35CBE001F0AD5 /* DIContainerBuilder.Register.swift in Sources */,
				118DBCD01E4100CD003A7D1F /* DIStoryboardResolver.swift in Sources */,
				169C0E311DA35CBE001F0AD5 /* DIMultyMap.swift in Sources */,
				169C0E321DA35CBE001F0AD5 /* Weak.swift in Sources */,
				169C0E331DA35CBE001F0AD5 /* DIError.swift in Sources */,
				169C0E341DA35CBE001F0AD5 /* RTypeContainerFinal.swift in Sources */,
				169C0E351DA35CBE001F0AD5 /* DIStoryboardBase.m in Sources */,
				163DDDC81DB9C84E0003DE54 /* DITypes.swift in Sources */,
				169C0E361DA35CBE001F0AD5 /* RTypeContainer.swift in Sources */,
				169C0E371DA35CBE001F0AD5 /* DIScopeImpl.swift in Sources */,
				169C0E381DA35CBE001F0AD5 /* DIDynamicAssembly.swift in Sources */,
				114246101E45A24100F8B3BA /* DIRegistrationBuilder.Arg.swift in Sources */,
				169C0E391DA35CBE001F0AD5 /* DIScope.swift in Sources */,
				16D7BCBC1DB086B600A29A9F /* DIScan.swift in Sources */,
				169C0E3A1DA35CBE001F0AD5 /* Helpers.swift in Sources */,
				169C0E3B1DA35CBE001F0AD5 /* DIContainerBuilder.swift in Sources */,
				169C0E3C1DA35CBE001F0AD5 /* DIScope.ShortSyntax.swift in Sources */,
				169C0E3D1DA35CBE001F0AD5 /* RType.swift in Sources */,
				169C0E3E1DA35CBE001F0AD5 /* DIModule.swift in Sources */,
				169C0E3F1DA35CBE001F0AD5 /* RTypeWithName.swift in Sources */,
				169C0E401DA35CBE001F0AD5 /* DIAssembly.swift in Sources */,
				1142C1E21E44E74C0000517F /* DIRegistrationBuilder.Injection.swift in Sources */,
				16D7BCBF1DB086B900A29A9F /* DIScanAssembly.swift in Sources */,
				11FD64A01E3FA3390043A036 /* DIContainerBuilder.Register.Arg.swift in Sources */,
				169C0E411DA35CBE001F0AD5 /* RTypeBase.swift in Sources */,
				169C0E421DA35CBE001F0AD5 /* DIStoryboard.swift in Sources */,
			);
			runOnlyForDeploymentPostprocessing = 0;
		};
		A588754F1D0944AE00D6DE92 /* Sources */ = {
			isa = PBXSourcesBuildPhase;
			buildActionMask = 2147483647;
			files = (
				16640A791D9E1E7B00707BFC /* RTypeFinal.swift in Sources */,
				16640A851D9E1E7B00707BFC /* DIRegistrationBuilder.swift in Sources */,
				16640A811D9E1E7B00707BFC /* DIScope.TypeArg.swift in Sources */,
				16640A7F1D9E1E7B00707BFC /* DIRegistrationBuilder.Params.swift in Sources */,
				16640A801D9E1E7B00707BFC /* DIScope.Arg.swift in Sources */,
				16D7BCBA1DB086B000A29A9F /* DIScanModule.swift in Sources */,
				165F614F1D9E78DD00F6126E /* DIContainerBuilder.Register.swift in Sources */,
				118DBCCC1E4100BF003A7D1F /* DIStoryboardResolver.swift in Sources */,
				16640A731D9E1E7B00707BFC /* DIMultyMap.swift in Sources */,
				16640A7D1D9E1E7B00707BFC /* Weak.swift in Sources */,
				110B5ADC1E4250D500A864A9 /* DIRegistrationBuilder.Arg.swift in Sources */,
				16640A831D9E1E7B00707BFC /* DIError.swift in Sources */,
				16640A7B1D9E1E7B00707BFC /* RTypeContainerFinal.swift in Sources */,
				169C0E171DA352C7001F0AD5 /* DIStoryboardBase.m in Sources */,
				163DDDC61DB9C84E0003DE54 /* DITypes.swift in Sources */,
				16640A7A1D9E1E7B00707BFC /* RTypeContainer.swift in Sources */,
				16640A741D9E1E7B00707BFC /* DIScopeImpl.swift in Sources */,
				16640A721D9E1E7B00707BFC /* DIDynamicAssembly.swift in Sources */,
				16640A871D9E1E7B00707BFC /* DIScope.swift in Sources */,
				16D7BCB81DB086B000A29A9F /* DIScan.swift in Sources */,
				16640A751D9E1E7B00707BFC /* Helpers.swift in Sources */,
				1142C1E01E44E74C0000517F /* DIRegistrationBuilder.Injection.swift in Sources */,
				16640A821D9E1E7B00707BFC /* DIContainerBuilder.swift in Sources */,
				16640A861D9E1E7B00707BFC /* DIScope.ShortSyntax.swift in Sources */,
				16640A771D9E1E7B00707BFC /* RType.swift in Sources */,
				16640A841D9E1E7B00707BFC /* DIModule.swift in Sources */,
				16640A781D9E1E7B00707BFC /* RTypeWithName.swift in Sources */,
				16640A711D9E1E7B00707BFC /* DIAssembly.swift in Sources */,
				16D7BCB91DB086B000A29A9F /* DIScanAssembly.swift in Sources */,
				11FD649E1E3FA3390043A036 /* DIContainerBuilder.Register.Arg.swift in Sources */,
				16640A761D9E1E7B00707BFC /* RTypeBase.swift in Sources */,
				169C0E211DA357C3001F0AD5 /* DIStoryboard.swift in Sources */,
			);
			runOnlyForDeploymentPostprocessing = 0;
		};
/* End PBXSourcesBuildPhase section */

/* Begin XCBuildConfiguration section */
		169C0DE31DA3501F001F0AD5 /* Debug */ = {
			isa = XCBuildConfiguration;
			buildSettings = {
				CLANG_CXX_LANGUAGE_STANDARD = "compiler-default";
				CLANG_CXX_LIBRARY = "compiler-default";
				CLANG_ENABLE_MODULES = YES;
				"CODE_SIGN_IDENTITY[sdk=iphoneos*]" = "";
				DEFINES_MODULE = YES;
				DYLIB_COMPATIBILITY_VERSION = 1;
				DYLIB_CURRENT_VERSION = 1;
				DYLIB_INSTALL_NAME_BASE = "@rpath";
				GCC_C_LANGUAGE_STANDARD = "compiler-default";
				GCC_PREPROCESSOR_DEFINITIONS = "DEBUG=1";
				INFOPLIST_FILE = "$(SRCROOT)/Sources/Info.plist";
				INSTALL_PATH = "$(LOCAL_LIBRARY_DIR)/Frameworks";
				LD_RUNPATH_SEARCH_PATHS = "$(inherited) @executable_path/Frameworks @loader_path/Frameworks";
				MACOSX_DEPLOYMENT_TARGET = 10.10;
				PRODUCT_BUNDLE_IDENTIFIER = com.sia.DITranquillity;
				PRODUCT_NAME = DITranquillity;
				SDKROOT = macosx;
				SKIP_INSTALL = YES;
				SUPPORTED_PLATFORMS = macosx;
				SWIFT_OPTIMIZATION_LEVEL = "-Onone";
				SWIFT_VERSION = 3.0;
				TVOS_DEPLOYMENT_TARGET = 9.0;
				VALID_ARCHS = "x86_64 i386";
			};
			name = Debug;
		};
		169C0DE41DA3501F001F0AD5 /* Release */ = {
			isa = XCBuildConfiguration;
			buildSettings = {
				CLANG_CXX_LANGUAGE_STANDARD = "compiler-default";
				CLANG_CXX_LIBRARY = "compiler-default";
				CLANG_ENABLE_MODULES = YES;
				"CODE_SIGN_IDENTITY[sdk=iphoneos*]" = "";
				DEFINES_MODULE = YES;
				DYLIB_COMPATIBILITY_VERSION = 1;
				DYLIB_CURRENT_VERSION = 1;
				DYLIB_INSTALL_NAME_BASE = "@rpath";
				GCC_C_LANGUAGE_STANDARD = "compiler-default";
				GCC_PREPROCESSOR_DEFINITIONS = "";
				INFOPLIST_FILE = "$(SRCROOT)/Sources/Info.plist";
				INSTALL_PATH = "$(LOCAL_LIBRARY_DIR)/Frameworks";
				LD_RUNPATH_SEARCH_PATHS = "$(inherited) @executable_path/Frameworks @loader_path/Frameworks";
				MACOSX_DEPLOYMENT_TARGET = 10.10;
				PRODUCT_BUNDLE_IDENTIFIER = com.sia.DITranquillity;
				PRODUCT_NAME = DITranquillity;
				SDKROOT = macosx;
				SKIP_INSTALL = YES;
				SUPPORTED_PLATFORMS = macosx;
				SWIFT_VERSION = 3.0;
				TVOS_DEPLOYMENT_TARGET = 9.0;
				VALID_ARCHS = "x86_64 i386";
			};
			name = Release;
		};
		169C0E491DA35CBE001F0AD5 /* Debug */ = {
			isa = XCBuildConfiguration;
			buildSettings = {
				CLANG_CXX_LANGUAGE_STANDARD = "compiler-default";
				CLANG_CXX_LIBRARY = "compiler-default";
				CLANG_ENABLE_MODULES = YES;
				CODE_SIGN_IDENTITY = "";
				"CODE_SIGN_IDENTITY[sdk=iphoneos*]" = "";
				DEFINES_MODULE = YES;
				DYLIB_COMPATIBILITY_VERSION = 1;
				DYLIB_CURRENT_VERSION = 1;
				DYLIB_INSTALL_NAME_BASE = "@rpath";
				GCC_C_LANGUAGE_STANDARD = "compiler-default";
				GCC_PREPROCESSOR_DEFINITIONS = "DEBUG=1";
				INFOPLIST_FILE = "$(SRCROOT)/Sources/Info.plist";
				INSTALL_PATH = "$(LOCAL_LIBRARY_DIR)/Frameworks";
				IPHONEOS_DEPLOYMENT_TARGET = 8.0;
				LD_RUNPATH_SEARCH_PATHS = "$(inherited) @executable_path/Frameworks @loader_path/Frameworks";
				MACOSX_DEPLOYMENT_TARGET = 10.10;
				PRODUCT_BUNDLE_IDENTIFIER = com.sia.DITranquillity;
				PRODUCT_MODULE_NAME = DITranquillity;
				PRODUCT_NAME = DITranquillity;
				SDKROOT = appletvos;
				SKIP_INSTALL = YES;
				SUPPORTED_PLATFORMS = "appletvsimulator appletvos";
				SWIFT_OPTIMIZATION_LEVEL = "-Onone";
				SWIFT_VERSION = 3.0;
				TARGETED_DEVICE_FAMILY = 3;
				TVOS_DEPLOYMENT_TARGET = 9.0;
				VALID_ARCHS = arm64;
			};
			name = Debug;
		};
		169C0E4A1DA35CBE001F0AD5 /* Release */ = {
			isa = XCBuildConfiguration;
			buildSettings = {
				CLANG_CXX_LANGUAGE_STANDARD = "compiler-default";
				CLANG_CXX_LIBRARY = "compiler-default";
				CLANG_ENABLE_MODULES = YES;
				CODE_SIGN_IDENTITY = "";
				"CODE_SIGN_IDENTITY[sdk=iphoneos*]" = "";
				DEFINES_MODULE = YES;
				DYLIB_COMPATIBILITY_VERSION = 1;
				DYLIB_CURRENT_VERSION = 1;
				DYLIB_INSTALL_NAME_BASE = "@rpath";
				GCC_C_LANGUAGE_STANDARD = "compiler-default";
				GCC_PREPROCESSOR_DEFINITIONS = "";
				INFOPLIST_FILE = "$(SRCROOT)/Sources/Info.plist";
				INSTALL_PATH = "$(LOCAL_LIBRARY_DIR)/Frameworks";
				IPHONEOS_DEPLOYMENT_TARGET = 8.0;
				LD_RUNPATH_SEARCH_PATHS = "$(inherited) @executable_path/Frameworks @loader_path/Frameworks";
				MACOSX_DEPLOYMENT_TARGET = 10.10;
				PRODUCT_BUNDLE_IDENTIFIER = com.sia.DITranquillity;
				PRODUCT_MODULE_NAME = DITranquillity;
				PRODUCT_NAME = DITranquillity;
				SDKROOT = appletvos;
				SKIP_INSTALL = YES;
				SUPPORTED_PLATFORMS = "appletvsimulator appletvos";
				SWIFT_VERSION = 3.0;
				TARGETED_DEVICE_FAMILY = 3;
				TVOS_DEPLOYMENT_TARGET = 9.0;
				VALID_ARCHS = arm64;
			};
			name = Release;
		};
		A588755A1D0944AE00D6DE92 /* Debug */ = {
			isa = XCBuildConfiguration;
			buildSettings = {
				ALWAYS_SEARCH_USER_PATHS = NO;
				CLANG_ANALYZER_NONNULL = YES;
				CLANG_CXX_LANGUAGE_STANDARD = "gnu++0x";
				CLANG_CXX_LIBRARY = "libc++";
				CLANG_ENABLE_MODULES = YES;
				CLANG_ENABLE_OBJC_ARC = YES;
				CLANG_WARN_BOOL_CONVERSION = YES;
				CLANG_WARN_CONSTANT_CONVERSION = YES;
				CLANG_WARN_DIRECT_OBJC_ISA_USAGE = YES_ERROR;
				CLANG_WARN_EMPTY_BODY = YES;
				CLANG_WARN_ENUM_CONVERSION = YES;
				CLANG_WARN_INFINITE_RECURSION = YES;
				CLANG_WARN_INT_CONVERSION = YES;
				CLANG_WARN_OBJC_ROOT_CLASS = YES_ERROR;
				CLANG_WARN_SUSPICIOUS_MOVE = YES;
				CLANG_WARN_UNREACHABLE_CODE = YES;
				CLANG_WARN__DUPLICATE_METHOD_MATCH = YES;
				"CODE_SIGN_IDENTITY[sdk=iphoneos*]" = "iPhone Developer";
				COPY_PHASE_STRIP = NO;
				CURRENT_PROJECT_VERSION = 1;
				DEBUG_INFORMATION_FORMAT = dwarf;
				ENABLE_STRICT_OBJC_MSGSEND = YES;
				ENABLE_TESTABILITY = YES;
				GCC_C_LANGUAGE_STANDARD = gnu99;
				GCC_DYNAMIC_NO_PIC = NO;
				GCC_NO_COMMON_BLOCKS = YES;
				GCC_OPTIMIZATION_LEVEL = 0;
				GCC_PREPROCESSOR_DEFINITIONS = (
					__DITRANQUILLITY_STORYBOARD__,
					"DEBUG=1",
				);
				GCC_WARN_64_TO_32_BIT_CONVERSION = YES;
				GCC_WARN_ABOUT_RETURN_TYPE = YES_ERROR;
				GCC_WARN_UNDECLARED_SELECTOR = YES;
				GCC_WARN_UNINITIALIZED_AUTOS = YES_AGGRESSIVE;
				GCC_WARN_UNUSED_FUNCTION = YES;
				GCC_WARN_UNUSED_VARIABLE = YES;
				IPHONEOS_DEPLOYMENT_TARGET = 8.0;
				MACOSX_DEPLOYMENT_TARGET = 10.10;
				MTL_ENABLE_DEBUG_INFO = YES;
				ONLY_ACTIVE_ARCH = YES;
				SDKROOT = iphoneos;
				SWIFT_OPTIMIZATION_LEVEL = "-Onone";
				SWIFT_VERSION = 3.0;
				TARGETED_DEVICE_FAMILY = "1,2";
				VERSIONING_SYSTEM = "apple-generic";
				VERSION_INFO_PREFIX = "";
			};
			name = Debug;
		};
		A588755B1D0944AE00D6DE92 /* Release */ = {
			isa = XCBuildConfiguration;
			buildSettings = {
				ALWAYS_SEARCH_USER_PATHS = NO;
				CLANG_ANALYZER_NONNULL = YES;
				CLANG_CXX_LANGUAGE_STANDARD = "gnu++0x";
				CLANG_CXX_LIBRARY = "libc++";
				CLANG_ENABLE_MODULES = YES;
				CLANG_ENABLE_OBJC_ARC = YES;
				CLANG_WARN_BOOL_CONVERSION = YES;
				CLANG_WARN_CONSTANT_CONVERSION = YES;
				CLANG_WARN_DIRECT_OBJC_ISA_USAGE = YES_ERROR;
				CLANG_WARN_EMPTY_BODY = YES;
				CLANG_WARN_ENUM_CONVERSION = YES;
				CLANG_WARN_INFINITE_RECURSION = YES;
				CLANG_WARN_INT_CONVERSION = YES;
				CLANG_WARN_OBJC_ROOT_CLASS = YES_ERROR;
				CLANG_WARN_SUSPICIOUS_MOVE = YES;
				CLANG_WARN_UNREACHABLE_CODE = YES;
				CLANG_WARN__DUPLICATE_METHOD_MATCH = YES;
				"CODE_SIGN_IDENTITY[sdk=iphoneos*]" = "iPhone Developer";
				COPY_PHASE_STRIP = NO;
				CURRENT_PROJECT_VERSION = 1;
				DEBUG_INFORMATION_FORMAT = "dwarf-with-dsym";
				ENABLE_NS_ASSERTIONS = NO;
				ENABLE_STRICT_OBJC_MSGSEND = YES;
				GCC_C_LANGUAGE_STANDARD = gnu99;
				GCC_NO_COMMON_BLOCKS = YES;
				GCC_PREPROCESSOR_DEFINITIONS = __DITRANQUILLITY_STORYBOARD__;
				GCC_WARN_64_TO_32_BIT_CONVERSION = YES;
				GCC_WARN_ABOUT_RETURN_TYPE = YES_ERROR;
				GCC_WARN_UNDECLARED_SELECTOR = YES;
				GCC_WARN_UNINITIALIZED_AUTOS = YES_AGGRESSIVE;
				GCC_WARN_UNUSED_FUNCTION = YES;
				GCC_WARN_UNUSED_VARIABLE = YES;
				IPHONEOS_DEPLOYMENT_TARGET = 8.0;
				MACOSX_DEPLOYMENT_TARGET = 10.10;
				MTL_ENABLE_DEBUG_INFO = NO;
				SDKROOT = iphoneos;
				SWIFT_OPTIMIZATION_LEVEL = "-Owholemodule";
				SWIFT_VERSION = 3.0;
				TARGETED_DEVICE_FAMILY = "1,2";
				VALIDATE_PRODUCT = YES;
				VERSIONING_SYSTEM = "apple-generic";
				VERSION_INFO_PREFIX = "";
			};
			name = Release;
		};
		A588755D1D0944AE00D6DE92 /* Debug */ = {
			isa = XCBuildConfiguration;
			buildSettings = {
				CLANG_CXX_LANGUAGE_STANDARD = "compiler-default";
				CLANG_CXX_LIBRARY = "compiler-default";
				CLANG_ENABLE_MODULES = YES;
				"CODE_SIGN_IDENTITY[sdk=iphoneos*]" = "";
				DEFINES_MODULE = YES;
				DYLIB_COMPATIBILITY_VERSION = 1;
				DYLIB_CURRENT_VERSION = 1;
				DYLIB_INSTALL_NAME_BASE = "@rpath";
				GCC_C_LANGUAGE_STANDARD = "compiler-default";
				GCC_PREPROCESSOR_DEFINITIONS = "DEBUG=1";
				INFOPLIST_FILE = "$(SRCROOT)/Sources/Info.plist";
				INSTALL_PATH = "$(LOCAL_LIBRARY_DIR)/Frameworks";
				IPHONEOS_DEPLOYMENT_TARGET = 8.0;
				LD_RUNPATH_SEARCH_PATHS = "$(inherited) @executable_path/Frameworks @loader_path/Frameworks";
				MACOSX_DEPLOYMENT_TARGET = 10.10;
				PRODUCT_BUNDLE_IDENTIFIER = com.sia.DITranquillity;
				PRODUCT_NAME = DITranquillity;
				SKIP_INSTALL = YES;
				SUPPORTED_PLATFORMS = "iphonesimulator iphoneos";
				SWIFT_OPTIMIZATION_LEVEL = "-Onone";
				SWIFT_VERSION = 3.0;
				TVOS_DEPLOYMENT_TARGET = 9.0;
				VALID_ARCHS = "arm64 armv7 armv7s";
			};
			name = Debug;
		};
		A588755E1D0944AE00D6DE92 /* Release */ = {
			isa = XCBuildConfiguration;
			buildSettings = {
				CLANG_CXX_LANGUAGE_STANDARD = "compiler-default";
				CLANG_CXX_LIBRARY = "compiler-default";
				CLANG_ENABLE_MODULES = YES;
				"CODE_SIGN_IDENTITY[sdk=iphoneos*]" = "";
				DEFINES_MODULE = YES;
				DYLIB_COMPATIBILITY_VERSION = 1;
				DYLIB_CURRENT_VERSION = 1;
				DYLIB_INSTALL_NAME_BASE = "@rpath";
				GCC_C_LANGUAGE_STANDARD = "compiler-default";
				GCC_PREPROCESSOR_DEFINITIONS = "";
				INFOPLIST_FILE = "$(SRCROOT)/Sources/Info.plist";
				INSTALL_PATH = "$(LOCAL_LIBRARY_DIR)/Frameworks";
				IPHONEOS_DEPLOYMENT_TARGET = 8.0;
				LD_RUNPATH_SEARCH_PATHS = "$(inherited) @executable_path/Frameworks @loader_path/Frameworks";
				MACOSX_DEPLOYMENT_TARGET = 10.10;
				PRODUCT_BUNDLE_IDENTIFIER = com.sia.DITranquillity;
				PRODUCT_NAME = DITranquillity;
				SKIP_INSTALL = YES;
				SUPPORTED_PLATFORMS = "iphonesimulator iphoneos";
				SWIFT_VERSION = 3.0;
				TVOS_DEPLOYMENT_TARGET = 9.0;
				VALID_ARCHS = "arm64 armv7 armv7s";
			};
			name = Release;
		};
/* End XCBuildConfiguration section */

/* Begin XCConfigurationList section */
		169C0DE21DA3501F001F0AD5 /* Build configuration list for PBXNativeTarget "DITranquillity-OSX" */ = {
			isa = XCConfigurationList;
			buildConfigurations = (
				169C0DE31DA3501F001F0AD5 /* Debug */,
				169C0DE41DA3501F001F0AD5 /* Release */,
			);
			defaultConfigurationIsVisible = 0;
			defaultConfigurationName = Release;
		};
		169C0E481DA35CBE001F0AD5 /* Build configuration list for PBXNativeTarget "DITranquillity-tvOS" */ = {
			isa = XCConfigurationList;
			buildConfigurations = (
				169C0E491DA35CBE001F0AD5 /* Debug */,
				169C0E4A1DA35CBE001F0AD5 /* Release */,
			);
			defaultConfigurationIsVisible = 0;
			defaultConfigurationName = Release;
		};
		A588754E1D0944AE00D6DE92 /* Build configuration list for PBXProject "DITranquillity" */ = {
			isa = XCConfigurationList;
			buildConfigurations = (
				A588755A1D0944AE00D6DE92 /* Debug */,
				A588755B1D0944AE00D6DE92 /* Release */,
			);
			defaultConfigurationIsVisible = 0;
			defaultConfigurationName = Release;
		};
		A588755C1D0944AE00D6DE92 /* Build configuration list for PBXNativeTarget "DITranquillity-iOS" */ = {
			isa = XCConfigurationList;
			buildConfigurations = (
				A588755D1D0944AE00D6DE92 /* Debug */,
				A588755E1D0944AE00D6DE92 /* Release */,
			);
			defaultConfigurationIsVisible = 0;
			defaultConfigurationName = Release;
		};
/* End XCConfigurationList section */
	};
	rootObject = A588754B1D0944AE00D6DE92 /* Project object */;
}
