// !$*UTF8*$!
{
	archiveVersion = 1;
	classes = {
	};
	objectVersion = 46;
	objects = {

/* Begin PBXBuildFile section */
		1105F2401E72533200CFC043 /* DIComponentScope.swift in Sources */ = {isa = PBXBuildFile; fileRef = 1109FD791E724EF9002BC40A /* DIComponentScope.swift */; };
		1105F2411E72533200CFC043 /* DIComponentScope.swift in Sources */ = {isa = PBXBuildFile; fileRef = 1109FD791E724EF9002BC40A /* DIComponentScope.swift */; };
		110917121E4A43120078A5AE /* DIModule.swift in Sources */ = {isa = PBXBuildFile; fileRef = 110917111E4A43120078A5AE /* DIModule.swift */; };
		1109FD7A1E724EF9002BC40A /* DIComponentScope.swift in Sources */ = {isa = PBXBuildFile; fileRef = 1109FD791E724EF9002BC40A /* DIComponentScope.swift */; };
		1123CD7E1E647CC1004D52F9 /* LateBindingExtensions.swift in Sources */ = {isa = PBXBuildFile; fileRef = 1123CD7D1E647CC1004D52F9 /* LateBindingExtensions.swift */; };
		1123CD7F1E647CC1004D52F9 /* LateBindingExtensions.swift in Sources */ = {isa = PBXBuildFile; fileRef = 1123CD7D1E647CC1004D52F9 /* LateBindingExtensions.swift */; };
		1123CD801E647CC1004D52F9 /* LateBindingExtensions.swift in Sources */ = {isa = PBXBuildFile; fileRef = 1123CD7D1E647CC1004D52F9 /* LateBindingExtensions.swift */; };
		11404C8D1E50DE1200A6C356 /* DIRegistrationAlternativeType.swift in Sources */ = {isa = PBXBuildFile; fileRef = 11404C8C1E50DE1200A6C356 /* DIRegistrationAlternativeType.swift */; };
		11404C8E1E50DE1200A6C356 /* DIRegistrationAlternativeType.swift in Sources */ = {isa = PBXBuildFile; fileRef = 11404C8C1E50DE1200A6C356 /* DIRegistrationAlternativeType.swift */; };
		11404C8F1E50DE1200A6C356 /* DIRegistrationAlternativeType.swift in Sources */ = {isa = PBXBuildFile; fileRef = 11404C8C1E50DE1200A6C356 /* DIRegistrationAlternativeType.swift */; };
		115C24C81E6527CA00CC8BC7 /* Synchronize.swift in Sources */ = {isa = PBXBuildFile; fileRef = 115C24C71E6527CA00CC8BC7 /* Synchronize.swift */; };
		115C24C91E6527CA00CC8BC7 /* Synchronize.swift in Sources */ = {isa = PBXBuildFile; fileRef = 115C24C71E6527CA00CC8BC7 /* Synchronize.swift */; };
		115C24CA1E6527CA00CC8BC7 /* Synchronize.swift in Sources */ = {isa = PBXBuildFile; fileRef = 115C24C71E6527CA00CC8BC7 /* Synchronize.swift */; };
		118DBCCC1E4100BF003A7D1F /* DIStoryboardResolver.swift in Sources */ = {isa = PBXBuildFile; fileRef = 118DBCCB1E4100BF003A7D1F /* DIStoryboardResolver.swift */; };
		118DBCCF1E4100CA003A7D1F /* DIStoryboardResolver.swift in Sources */ = {isa = PBXBuildFile; fileRef = 118DBCCD1E4100C5003A7D1F /* DIStoryboardResolver.swift */; };
		118DBCD01E4100CD003A7D1F /* DIStoryboardResolver.swift in Sources */ = {isa = PBXBuildFile; fileRef = 118DBCCB1E4100BF003A7D1F /* DIStoryboardResolver.swift */; };
		118F09061E4B688900C1ED5E /* DIModule.swift in Sources */ = {isa = PBXBuildFile; fileRef = 110917111E4A43120078A5AE /* DIModule.swift */; };
		118F09071E4B688900C1ED5E /* DIModule.swift in Sources */ = {isa = PBXBuildFile; fileRef = 110917111E4A43120078A5AE /* DIModule.swift */; };
		119F4FAA1E56014000B2DFA1 /* Scope.swift in Sources */ = {isa = PBXBuildFile; fileRef = 119F4FA91E56014000B2DFA1 /* Scope.swift */; };
		119F4FAB1E56014400B2DFA1 /* Scope.swift in Sources */ = {isa = PBXBuildFile; fileRef = 119F4FA91E56014000B2DFA1 /* Scope.swift */; };
		119F4FAC1E56014400B2DFA1 /* Scope.swift in Sources */ = {isa = PBXBuildFile; fileRef = 119F4FA91E56014000B2DFA1 /* Scope.swift */; };
		119F4FAF1E5603A400B2DFA1 /* DIComponent.swift in Sources */ = {isa = PBXBuildFile; fileRef = 119F4FAE1E5603A400B2DFA1 /* DIComponent.swift */; };
		119F4FB01E5603A400B2DFA1 /* DIComponent.swift in Sources */ = {isa = PBXBuildFile; fileRef = 119F4FAE1E5603A400B2DFA1 /* DIComponent.swift */; };
		119F4FB11E5603A400B2DFA1 /* DIComponent.swift in Sources */ = {isa = PBXBuildFile; fileRef = 119F4FAE1E5603A400B2DFA1 /* DIComponent.swift */; };
		119F4FB41E5603EC00B2DFA1 /* DIDescriptions.swift in Sources */ = {isa = PBXBuildFile; fileRef = 119F4FB31E5603EC00B2DFA1 /* DIDescriptions.swift */; };
		119F4FB51E5603EC00B2DFA1 /* DIDescriptions.swift in Sources */ = {isa = PBXBuildFile; fileRef = 119F4FB31E5603EC00B2DFA1 /* DIDescriptions.swift */; };
		119F4FB61E5603EC00B2DFA1 /* DIDescriptions.swift in Sources */ = {isa = PBXBuildFile; fileRef = 119F4FB31E5603EC00B2DFA1 /* DIDescriptions.swift */; };
		119F4FBF1E5604C500B2DFA1 /* DIContainer.Arg.swift in Sources */ = {isa = PBXBuildFile; fileRef = 119F4FB91E5604C500B2DFA1 /* DIContainer.Arg.swift */; };
		119F4FC01E5604C500B2DFA1 /* DIContainer.Arg.swift in Sources */ = {isa = PBXBuildFile; fileRef = 119F4FB91E5604C500B2DFA1 /* DIContainer.Arg.swift */; };
		119F4FC11E5604C500B2DFA1 /* DIContainer.Arg.swift in Sources */ = {isa = PBXBuildFile; fileRef = 119F4FB91E5604C500B2DFA1 /* DIContainer.Arg.swift */; };
		119F4FC21E5604C500B2DFA1 /* DIContainer.TypeArg.swift in Sources */ = {isa = PBXBuildFile; fileRef = 119F4FBA1E5604C500B2DFA1 /* DIContainer.TypeArg.swift */; };
		119F4FC31E5604C500B2DFA1 /* DIContainer.TypeArg.swift in Sources */ = {isa = PBXBuildFile; fileRef = 119F4FBA1E5604C500B2DFA1 /* DIContainer.TypeArg.swift */; };
		119F4FC41E5604C500B2DFA1 /* DIContainer.TypeArg.swift in Sources */ = {isa = PBXBuildFile; fileRef = 119F4FBA1E5604C500B2DFA1 /* DIContainer.TypeArg.swift */; };
		119F4FD61E56069200B2DFA1 /* DIRegistrationBuilder.Arg.swift in Sources */ = {isa = PBXBuildFile; fileRef = 119F4FCC1E56069200B2DFA1 /* DIRegistrationBuilder.Arg.swift */; };
		119F4FD71E56069200B2DFA1 /* DIRegistrationBuilder.Arg.swift in Sources */ = {isa = PBXBuildFile; fileRef = 119F4FCC1E56069200B2DFA1 /* DIRegistrationBuilder.Arg.swift */; };
		119F4FD81E56069200B2DFA1 /* DIRegistrationBuilder.Arg.swift in Sources */ = {isa = PBXBuildFile; fileRef = 119F4FCC1E56069200B2DFA1 /* DIRegistrationBuilder.Arg.swift */; };
		163DDDC61DB9C84E0003DE54 /* DITypes.swift in Sources */ = {isa = PBXBuildFile; fileRef = 163DDDC51DB9C84E0003DE54 /* DITypes.swift */; };
		163DDDC71DB9C84E0003DE54 /* DITypes.swift in Sources */ = {isa = PBXBuildFile; fileRef = 163DDDC51DB9C84E0003DE54 /* DITypes.swift */; };
		163DDDC81DB9C84E0003DE54 /* DITypes.swift in Sources */ = {isa = PBXBuildFile; fileRef = 163DDDC51DB9C84E0003DE54 /* DITypes.swift */; };
		1651E7041E8631A900E967B4 /* DIRegistrationBuilder.Injection.Methods.swift in Sources */ = {isa = PBXBuildFile; fileRef = 1651E7031E8631A900E967B4 /* DIRegistrationBuilder.Injection.Methods.swift */; };
		1651E7061E86373D00E967B4 /* DIRegistrationBuilder.Injection.Methods.swift in Sources */ = {isa = PBXBuildFile; fileRef = 1651E7031E8631A900E967B4 /* DIRegistrationBuilder.Injection.Methods.swift */; };
		1651E7071E86373D00E967B4 /* DIRegistrationBuilder.Injection.Methods.swift in Sources */ = {isa = PBXBuildFile; fileRef = 1651E7031E8631A900E967B4 /* DIRegistrationBuilder.Injection.Methods.swift */; };
		165F614F1D9E78DD00F6126E /* DIContainerBuilder.Register.swift in Sources */ = {isa = PBXBuildFile; fileRef = 165F614E1D9E78DD00F6126E /* DIContainerBuilder.Register.swift */; };
		16640A731D9E1E7B00707BFC /* MultyMap.swift in Sources */ = {isa = PBXBuildFile; fileRef = 16640A521D9E1E7B00707BFC /* MultyMap.swift */; };
		16640A741D9E1E7B00707BFC /* Resolver.swift in Sources */ = {isa = PBXBuildFile; fileRef = 16640A531D9E1E7B00707BFC /* Resolver.swift */; };
		16640A751D9E1E7B00707BFC /* Helpers.swift in Sources */ = {isa = PBXBuildFile; fileRef = 16640A541D9E1E7B00707BFC /* Helpers.swift */; };
		16640A7D1D9E1E7B00707BFC /* Weak.swift in Sources */ = {isa = PBXBuildFile; fileRef = 16640A5E1D9E1E7B00707BFC /* Weak.swift */; };
		16640A821D9E1E7B00707BFC /* DIContainerBuilder.swift in Sources */ = {isa = PBXBuildFile; fileRef = 16640A651D9E1E7B00707BFC /* DIContainerBuilder.swift */; };
		16640A831D9E1E7B00707BFC /* DIError.swift in Sources */ = {isa = PBXBuildFile; fileRef = 16640A661D9E1E7B00707BFC /* DIError.swift */; };
		16640A851D9E1E7B00707BFC /* DIRegistrationBuilder.swift in Sources */ = {isa = PBXBuildFile; fileRef = 16640A681D9E1E7B00707BFC /* DIRegistrationBuilder.swift */; };
		16640A861D9E1E7B00707BFC /* DIContainer.ShortSyntax.swift in Sources */ = {isa = PBXBuildFile; fileRef = 16640A691D9E1E7B00707BFC /* DIContainer.ShortSyntax.swift */; };
		16640A871D9E1E7B00707BFC /* DIContainer.swift in Sources */ = {isa = PBXBuildFile; fileRef = 16640A6A1D9E1E7B00707BFC /* DIContainer.swift */; };
		16640A881D9E1E7B00707BFC /* DITranquillity.h in Headers */ = {isa = PBXBuildFile; fileRef = 16640A6B1D9E1E7B00707BFC /* DITranquillity.h */; settings = {ATTRIBUTES = (Public, ); }; };
		169C0DC41DA3501F001F0AD5 /* DIRegistrationBuilder.swift in Sources */ = {isa = PBXBuildFile; fileRef = 16640A681D9E1E7B00707BFC /* DIRegistrationBuilder.swift */; };
		169C0DCB1DA3501F001F0AD5 /* DIContainerBuilder.Register.swift in Sources */ = {isa = PBXBuildFile; fileRef = 165F614E1D9E78DD00F6126E /* DIContainerBuilder.Register.swift */; };
		169C0DCC1DA3501F001F0AD5 /* MultyMap.swift in Sources */ = {isa = PBXBuildFile; fileRef = 16640A521D9E1E7B00707BFC /* MultyMap.swift */; };
		169C0DCD1DA3501F001F0AD5 /* Weak.swift in Sources */ = {isa = PBXBuildFile; fileRef = 16640A5E1D9E1E7B00707BFC /* Weak.swift */; };
		169C0DCE1DA3501F001F0AD5 /* DIError.swift in Sources */ = {isa = PBXBuildFile; fileRef = 16640A661D9E1E7B00707BFC /* DIError.swift */; };
		169C0DD11DA3501F001F0AD5 /* Resolver.swift in Sources */ = {isa = PBXBuildFile; fileRef = 16640A531D9E1E7B00707BFC /* Resolver.swift */; };
		169C0DD31DA3501F001F0AD5 /* DIContainer.swift in Sources */ = {isa = PBXBuildFile; fileRef = 16640A6A1D9E1E7B00707BFC /* DIContainer.swift */; };
		169C0DD41DA3501F001F0AD5 /* Helpers.swift in Sources */ = {isa = PBXBuildFile; fileRef = 16640A541D9E1E7B00707BFC /* Helpers.swift */; };
		169C0DD51DA3501F001F0AD5 /* DIContainerBuilder.swift in Sources */ = {isa = PBXBuildFile; fileRef = 16640A651D9E1E7B00707BFC /* DIContainerBuilder.swift */; };
		169C0DD61DA3501F001F0AD5 /* DIContainer.ShortSyntax.swift in Sources */ = {isa = PBXBuildFile; fileRef = 16640A691D9E1E7B00707BFC /* DIContainer.ShortSyntax.swift */; };
		169C0DDF1DA3501F001F0AD5 /* DITranquillity.h in Headers */ = {isa = PBXBuildFile; fileRef = 16640A6B1D9E1E7B00707BFC /* DITranquillity.h */; settings = {ATTRIBUTES = (Public, ); }; };
		169C0E161DA352C7001F0AD5 /* DIStoryboardBase.h in Headers */ = {isa = PBXBuildFile; fileRef = 169C0E111DA352C7001F0AD5 /* DIStoryboardBase.h */; settings = {ATTRIBUTES = (Public, ); }; };
		169C0E171DA352C7001F0AD5 /* DIStoryboardBase.m in Sources */ = {isa = PBXBuildFile; fileRef = 169C0E121DA352C7001F0AD5 /* DIStoryboardBase.m */; };
		169C0E1A1DA352CF001F0AD5 /* DIStoryboardBase.h in Headers */ = {isa = PBXBuildFile; fileRef = 169C0E141DA352C7001F0AD5 /* DIStoryboardBase.h */; settings = {ATTRIBUTES = (Public, ); }; };
		169C0E1B1DA352D2001F0AD5 /* DIStoryboardBase.m in Sources */ = {isa = PBXBuildFile; fileRef = 169C0E151DA352C7001F0AD5 /* DIStoryboardBase.m */; };
		169C0E211DA357C3001F0AD5 /* DIStoryboard.swift in Sources */ = {isa = PBXBuildFile; fileRef = 169C0E201DA357C3001F0AD5 /* DIStoryboard.swift */; };
		169C0E241DA357CA001F0AD5 /* DIStoryboard.swift in Sources */ = {isa = PBXBuildFile; fileRef = 169C0E221DA357C8001F0AD5 /* DIStoryboard.swift */; };
		169C0E2A1DA35CBE001F0AD5 /* DIRegistrationBuilder.swift in Sources */ = {isa = PBXBuildFile; fileRef = 16640A681D9E1E7B00707BFC /* DIRegistrationBuilder.swift */; };
		169C0E301DA35CBE001F0AD5 /* DIContainerBuilder.Register.swift in Sources */ = {isa = PBXBuildFile; fileRef = 165F614E1D9E78DD00F6126E /* DIContainerBuilder.Register.swift */; };
		169C0E311DA35CBE001F0AD5 /* MultyMap.swift in Sources */ = {isa = PBXBuildFile; fileRef = 16640A521D9E1E7B00707BFC /* MultyMap.swift */; };
		169C0E321DA35CBE001F0AD5 /* Weak.swift in Sources */ = {isa = PBXBuildFile; fileRef = 16640A5E1D9E1E7B00707BFC /* Weak.swift */; };
		169C0E331DA35CBE001F0AD5 /* DIError.swift in Sources */ = {isa = PBXBuildFile; fileRef = 16640A661D9E1E7B00707BFC /* DIError.swift */; };
		169C0E351DA35CBE001F0AD5 /* DIStoryboardBase.m in Sources */ = {isa = PBXBuildFile; fileRef = 169C0E121DA352C7001F0AD5 /* DIStoryboardBase.m */; };
		169C0E371DA35CBE001F0AD5 /* Resolver.swift in Sources */ = {isa = PBXBuildFile; fileRef = 16640A531D9E1E7B00707BFC /* Resolver.swift */; };
		169C0E391DA35CBE001F0AD5 /* DIContainer.swift in Sources */ = {isa = PBXBuildFile; fileRef = 16640A6A1D9E1E7B00707BFC /* DIContainer.swift */; };
		169C0E3A1DA35CBE001F0AD5 /* Helpers.swift in Sources */ = {isa = PBXBuildFile; fileRef = 16640A541D9E1E7B00707BFC /* Helpers.swift */; };
		169C0E3B1DA35CBE001F0AD5 /* DIContainerBuilder.swift in Sources */ = {isa = PBXBuildFile; fileRef = 16640A651D9E1E7B00707BFC /* DIContainerBuilder.swift */; };
		169C0E3C1DA35CBE001F0AD5 /* DIContainer.ShortSyntax.swift in Sources */ = {isa = PBXBuildFile; fileRef = 16640A691D9E1E7B00707BFC /* DIContainer.ShortSyntax.swift */; };
		169C0E421DA35CBE001F0AD5 /* DIStoryboard.swift in Sources */ = {isa = PBXBuildFile; fileRef = 169C0E201DA357C3001F0AD5 /* DIStoryboard.swift */; };
		169C0E451DA35CBE001F0AD5 /* DITranquillity.h in Headers */ = {isa = PBXBuildFile; fileRef = 16640A6B1D9E1E7B00707BFC /* DITranquillity.h */; settings = {ATTRIBUTES = (Public, ); }; };
		169C0E461DA35CBE001F0AD5 /* DIStoryboardBase.h in Headers */ = {isa = PBXBuildFile; fileRef = 169C0E111DA352C7001F0AD5 /* DIStoryboardBase.h */; settings = {ATTRIBUTES = (Public, ); }; };
		16D7BCB81DB086B000A29A9F /* DIScan.swift in Sources */ = {isa = PBXBuildFile; fileRef = 16D7BCB51DB086B000A29A9F /* DIScan.swift */; };
		16D7BCB91DB086B000A29A9F /* DIScanModule.swift in Sources */ = {isa = PBXBuildFile; fileRef = 16D7BCB61DB086B000A29A9F /* DIScanModule.swift */; };
		16D7BCBA1DB086B000A29A9F /* DIScanComponent.swift in Sources */ = {isa = PBXBuildFile; fileRef = 16D7BCB71DB086B000A29A9F /* DIScanComponent.swift */; };
		16D7BCBB1DB086B500A29A9F /* DIScan.swift in Sources */ = {isa = PBXBuildFile; fileRef = 16D7BCB51DB086B000A29A9F /* DIScan.swift */; };
		16D7BCBC1DB086B600A29A9F /* DIScan.swift in Sources */ = {isa = PBXBuildFile; fileRef = 16D7BCB51DB086B000A29A9F /* DIScan.swift */; };
		16D7BCBD1DB086B900A29A9F /* DIScanModule.swift in Sources */ = {isa = PBXBuildFile; fileRef = 16D7BCB61DB086B000A29A9F /* DIScanModule.swift */; };
		16D7BCBE1DB086B900A29A9F /* DIScanComponent.swift in Sources */ = {isa = PBXBuildFile; fileRef = 16D7BCB71DB086B000A29A9F /* DIScanComponent.swift */; };
		16D7BCBF1DB086B900A29A9F /* DIScanModule.swift in Sources */ = {isa = PBXBuildFile; fileRef = 16D7BCB61DB086B000A29A9F /* DIScanModule.swift */; };
		16D7BCC01DB086B900A29A9F /* DIScanComponent.swift in Sources */ = {isa = PBXBuildFile; fileRef = 16D7BCB71DB086B000A29A9F /* DIScanComponent.swift */; };
		D512552D1EE06F010067796B /* DISettings.swift in Sources */ = {isa = PBXBuildFile; fileRef = D512552C1EE06F010067796B /* DISettings.swift */; };
		D512552E1EE06F010067796B /* DISettings.swift in Sources */ = {isa = PBXBuildFile; fileRef = D512552C1EE06F010067796B /* DISettings.swift */; };
		D512552F1EE06F010067796B /* DISettings.swift in Sources */ = {isa = PBXBuildFile; fileRef = D512552C1EE06F010067796B /* DISettings.swift */; };
		D55368F21EE5BD3300015926 /* Log.swift in Sources */ = {isa = PBXBuildFile; fileRef = D55368F11EE5BD3300015926 /* Log.swift */; };
		D55368F31EE5BD3600015926 /* Log.swift in Sources */ = {isa = PBXBuildFile; fileRef = D55368F11EE5BD3300015926 /* Log.swift */; };
		D55368F41EE5BD3600015926 /* Log.swift in Sources */ = {isa = PBXBuildFile; fileRef = D55368F11EE5BD3300015926 /* Log.swift */; };
		D55368FC1EE656AC00015926 /* Component.swift in Sources */ = {isa = PBXBuildFile; fileRef = D55368F61EE656AC00015926 /* Component.swift */; };
		D55368FD1EE656AC00015926 /* Component.swift in Sources */ = {isa = PBXBuildFile; fileRef = D55368F61EE656AC00015926 /* Component.swift */; };
		D55368FE1EE656AC00015926 /* Component.swift in Sources */ = {isa = PBXBuildFile; fileRef = D55368F61EE656AC00015926 /* Component.swift */; };
		D55368FF1EE656AC00015926 /* _Component.swift in Sources */ = {isa = PBXBuildFile; fileRef = D55368F71EE656AC00015926 /* _Component.swift */; };
		D55369001EE656AC00015926 /* _Component.swift in Sources */ = {isa = PBXBuildFile; fileRef = D55368F71EE656AC00015926 /* _Component.swift */; };
		D55369011EE656AC00015926 /* _Component.swift in Sources */ = {isa = PBXBuildFile; fileRef = D55368F71EE656AC00015926 /* _Component.swift */; };
		D55369021EE656AC00015926 /* ComponentFinal.swift in Sources */ = {isa = PBXBuildFile; fileRef = D55368F81EE656AC00015926 /* ComponentFinal.swift */; };
		D55369031EE656AC00015926 /* ComponentFinal.swift in Sources */ = {isa = PBXBuildFile; fileRef = D55368F81EE656AC00015926 /* ComponentFinal.swift */; };
		D55369041EE656AC00015926 /* ComponentFinal.swift in Sources */ = {isa = PBXBuildFile; fileRef = D55368F81EE656AC00015926 /* ComponentFinal.swift */; };
		D55369051EE656AC00015926 /* ComponentContainer.swift in Sources */ = {isa = PBXBuildFile; fileRef = D55368FA1EE656AC00015926 /* ComponentContainer.swift */; };
		D55369061EE656AC00015926 /* ComponentContainer.swift in Sources */ = {isa = PBXBuildFile; fileRef = D55368FA1EE656AC00015926 /* ComponentContainer.swift */; };
		D55369071EE656AC00015926 /* ComponentContainer.swift in Sources */ = {isa = PBXBuildFile; fileRef = D55368FA1EE656AC00015926 /* ComponentContainer.swift */; };
		D55369081EE656AC00015926 /* ComponentContainerFinal.swift in Sources */ = {isa = PBXBuildFile; fileRef = D55368FB1EE656AC00015926 /* ComponentContainerFinal.swift */; };
		D55369091EE656AC00015926 /* ComponentContainerFinal.swift in Sources */ = {isa = PBXBuildFile; fileRef = D55368FB1EE656AC00015926 /* ComponentContainerFinal.swift */; };
		D553690A1EE656AC00015926 /* ComponentContainerFinal.swift in Sources */ = {isa = PBXBuildFile; fileRef = D55368FB1EE656AC00015926 /* ComponentContainerFinal.swift */; };
		D553690C1EE657E100015926 /* NamedComponent.swift in Sources */ = {isa = PBXBuildFile; fileRef = D553690B1EE657E100015926 /* NamedComponent.swift */; };
		D553690D1EE657E100015926 /* NamedComponent.swift in Sources */ = {isa = PBXBuildFile; fileRef = D553690B1EE657E100015926 /* NamedComponent.swift */; };
		D553690E1EE657E100015926 /* NamedComponent.swift in Sources */ = {isa = PBXBuildFile; fileRef = D553690B1EE657E100015926 /* NamedComponent.swift */; };
		D55369101EE658EA00015926 /* TypeKey.swift in Sources */ = {isa = PBXBuildFile; fileRef = D553690F1EE658EA00015926 /* TypeKey.swift */; };
		D55369111EE658EA00015926 /* TypeKey.swift in Sources */ = {isa = PBXBuildFile; fileRef = D553690F1EE658EA00015926 /* TypeKey.swift */; };
		D55369121EE658EA00015926 /* TypeKey.swift in Sources */ = {isa = PBXBuildFile; fileRef = D553690F1EE658EA00015926 /* TypeKey.swift */; };
		D55369181EE6E2AE00015926 /* ModuleContainer.swift in Sources */ = {isa = PBXBuildFile; fileRef = D55369171EE6E2AE00015926 /* ModuleContainer.swift */; };
		D55369191EE6E2AE00015926 /* ModuleContainer.swift in Sources */ = {isa = PBXBuildFile; fileRef = D55369171EE6E2AE00015926 /* ModuleContainer.swift */; };
		D553691A1EE6E2AE00015926 /* ModuleContainer.swift in Sources */ = {isa = PBXBuildFile; fileRef = D55369171EE6E2AE00015926 /* ModuleContainer.swift */; };
		D55AFCB41EEEA48D00527D27 /* MethodMaker.swift in Sources */ = {isa = PBXBuildFile; fileRef = D55AFCB31EEEA48D00527D27 /* MethodMaker.swift */; };
		D55AFCB51EEEA48D00527D27 /* MethodMaker.swift in Sources */ = {isa = PBXBuildFile; fileRef = D55AFCB31EEEA48D00527D27 /* MethodMaker.swift */; };
		D55AFCB61EEEA48D00527D27 /* MethodMaker.swift in Sources */ = {isa = PBXBuildFile; fileRef = D55AFCB31EEEA48D00527D27 /* MethodMaker.swift */; };
		D55AFCB81EEEA97400527D27 /* MethodSignature.swift in Sources */ = {isa = PBXBuildFile; fileRef = D55AFCB71EEEA97400527D27 /* MethodSignature.swift */; };
		D55AFCB91EEEA97400527D27 /* MethodSignature.swift in Sources */ = {isa = PBXBuildFile; fileRef = D55AFCB71EEEA97400527D27 /* MethodSignature.swift */; };
		D55AFCBA1EEEA97400527D27 /* MethodSignature.swift in Sources */ = {isa = PBXBuildFile; fileRef = D55AFCB71EEEA97400527D27 /* MethodSignature.swift */; };
		D55AFCBC1EEEB0E200527D27 /* make_autogenerate.sh in Resources */ = {isa = PBXBuildFile; fileRef = D55AFCBB1EEEB0E200527D27 /* make_autogenerate.sh */; };
		D55AFCBD1EEEB0E200527D27 /* make_autogenerate.sh in Resources */ = {isa = PBXBuildFile; fileRef = D55AFCBB1EEEB0E200527D27 /* make_autogenerate.sh */; };
		D55AFCBE1EEEB0E200527D27 /* make_autogenerate.sh in Resources */ = {isa = PBXBuildFile; fileRef = D55AFCBB1EEEB0E200527D27 /* make_autogenerate.sh */; };
		D55AFCC01EEEB4AD00527D27 /* inject_autogenerate.sh in Resources */ = {isa = PBXBuildFile; fileRef = D55AFCBF1EEEB4AD00527D27 /* inject_autogenerate.sh */; };
		D55AFCC11EEEB4AD00527D27 /* inject_autogenerate.sh in Resources */ = {isa = PBXBuildFile; fileRef = D55AFCBF1EEEB4AD00527D27 /* inject_autogenerate.sh */; };
		D55AFCC21EEEB4AD00527D27 /* inject_autogenerate.sh in Resources */ = {isa = PBXBuildFile; fileRef = D55AFCBF1EEEB4AD00527D27 /* inject_autogenerate.sh */; };
		D55AFCC41EEEB88500527D27 /* init_autogenerate.sh in Resources */ = {isa = PBXBuildFile; fileRef = D55AFCC31EEEB88500527D27 /* init_autogenerate.sh */; };
		D55AFCC51EEEB88500527D27 /* init_autogenerate.sh in Resources */ = {isa = PBXBuildFile; fileRef = D55AFCC31EEEB88500527D27 /* init_autogenerate.sh */; };
		D55AFCC61EEEB88500527D27 /* init_autogenerate.sh in Resources */ = {isa = PBXBuildFile; fileRef = D55AFCC31EEEB88500527D27 /* init_autogenerate.sh */; };
/* End PBXBuildFile section */

/* Begin PBXFileReference section */
		110917111E4A43120078A5AE /* DIModule.swift */ = {isa = PBXFileReference; fileEncoding = 4; lastKnownFileType = sourcecode.swift; path = DIModule.swift; sourceTree = "<group>"; };
		1109FD791E724EF9002BC40A /* DIComponentScope.swift */ = {isa = PBXFileReference; fileEncoding = 4; lastKnownFileType = sourcecode.swift; path = DIComponentScope.swift; sourceTree = "<group>"; };
		1123CD7D1E647CC1004D52F9 /* LateBindingExtensions.swift */ = {isa = PBXFileReference; fileEncoding = 4; lastKnownFileType = sourcecode.swift; path = LateBindingExtensions.swift; sourceTree = "<group>"; };
		11404C8C1E50DE1200A6C356 /* DIRegistrationAlternativeType.swift */ = {isa = PBXFileReference; fileEncoding = 4; lastKnownFileType = sourcecode.swift; path = DIRegistrationAlternativeType.swift; sourceTree = "<group>"; };
		115C24C71E6527CA00CC8BC7 /* Synchronize.swift */ = {isa = PBXFileReference; fileEncoding = 4; lastKnownFileType = sourcecode.swift; path = Synchronize.swift; sourceTree = "<group>"; };
		118DBCCB1E4100BF003A7D1F /* DIStoryboardResolver.swift */ = {isa = PBXFileReference; fileEncoding = 4; lastKnownFileType = sourcecode.swift; path = DIStoryboardResolver.swift; sourceTree = "<group>"; };
		118DBCCD1E4100C5003A7D1F /* DIStoryboardResolver.swift */ = {isa = PBXFileReference; fileEncoding = 4; lastKnownFileType = sourcecode.swift; path = DIStoryboardResolver.swift; sourceTree = "<group>"; };
		119F4FA91E56014000B2DFA1 /* Scope.swift */ = {isa = PBXFileReference; fileEncoding = 4; lastKnownFileType = sourcecode.swift; path = Scope.swift; sourceTree = "<group>"; };
		119F4FAE1E5603A400B2DFA1 /* DIComponent.swift */ = {isa = PBXFileReference; fileEncoding = 4; lastKnownFileType = sourcecode.swift; path = DIComponent.swift; sourceTree = "<group>"; };
		119F4FB31E5603EC00B2DFA1 /* DIDescriptions.swift */ = {isa = PBXFileReference; fileEncoding = 4; lastKnownFileType = sourcecode.swift; path = DIDescriptions.swift; sourceTree = "<group>"; };
		119F4FB81E5604C500B2DFA1 /* autogenerate.sh */ = {isa = PBXFileReference; fileEncoding = 4; lastKnownFileType = text.script.sh; path = autogenerate.sh; sourceTree = "<group>"; };
		119F4FB91E5604C500B2DFA1 /* DIContainer.Arg.swift */ = {isa = PBXFileReference; fileEncoding = 4; lastKnownFileType = sourcecode.swift; path = DIContainer.Arg.swift; sourceTree = "<group>"; };
		119F4FBA1E5604C500B2DFA1 /* DIContainer.TypeArg.swift */ = {isa = PBXFileReference; fileEncoding = 4; lastKnownFileType = sourcecode.swift; path = DIContainer.TypeArg.swift; sourceTree = "<group>"; };
		119F4FCC1E56069200B2DFA1 /* DIRegistrationBuilder.Arg.swift */ = {isa = PBXFileReference; fileEncoding = 4; lastKnownFileType = sourcecode.swift; path = DIRegistrationBuilder.Arg.swift; sourceTree = "<group>"; };
		163DDDC51DB9C84E0003DE54 /* DITypes.swift */ = {isa = PBXFileReference; fileEncoding = 4; lastKnownFileType = sourcecode.swift; path = DITypes.swift; sourceTree = "<group>"; };
		1651E7031E8631A900E967B4 /* DIRegistrationBuilder.Injection.Methods.swift */ = {isa = PBXFileReference; fileEncoding = 4; lastKnownFileType = sourcecode.swift; path = DIRegistrationBuilder.Injection.Methods.swift; sourceTree = "<group>"; };
		165F614E1D9E78DD00F6126E /* DIContainerBuilder.Register.swift */ = {isa = PBXFileReference; fileEncoding = 4; lastKnownFileType = sourcecode.swift; path = DIContainerBuilder.Register.swift; sourceTree = "<group>"; };
		16640A521D9E1E7B00707BFC /* MultyMap.swift */ = {isa = PBXFileReference; fileEncoding = 4; lastKnownFileType = sourcecode.swift; path = MultyMap.swift; sourceTree = "<group>"; };
		16640A531D9E1E7B00707BFC /* Resolver.swift */ = {isa = PBXFileReference; fileEncoding = 4; lastKnownFileType = sourcecode.swift; path = Resolver.swift; sourceTree = "<group>"; };
		16640A541D9E1E7B00707BFC /* Helpers.swift */ = {isa = PBXFileReference; fileEncoding = 4; lastKnownFileType = sourcecode.swift; path = Helpers.swift; sourceTree = "<group>"; };
		16640A5E1D9E1E7B00707BFC /* Weak.swift */ = {isa = PBXFileReference; fileEncoding = 4; lastKnownFileType = sourcecode.swift; path = Weak.swift; sourceTree = "<group>"; };
		16640A651D9E1E7B00707BFC /* DIContainerBuilder.swift */ = {isa = PBXFileReference; fileEncoding = 4; lastKnownFileType = sourcecode.swift; path = DIContainerBuilder.swift; sourceTree = "<group>"; };
		16640A661D9E1E7B00707BFC /* DIError.swift */ = {isa = PBXFileReference; fileEncoding = 4; lastKnownFileType = sourcecode.swift; path = DIError.swift; sourceTree = "<group>"; };
		16640A681D9E1E7B00707BFC /* DIRegistrationBuilder.swift */ = {isa = PBXFileReference; fileEncoding = 4; lastKnownFileType = sourcecode.swift; path = DIRegistrationBuilder.swift; sourceTree = "<group>"; };
		16640A691D9E1E7B00707BFC /* DIContainer.ShortSyntax.swift */ = {isa = PBXFileReference; fileEncoding = 4; lastKnownFileType = sourcecode.swift; path = DIContainer.ShortSyntax.swift; sourceTree = "<group>"; };
		16640A6A1D9E1E7B00707BFC /* DIContainer.swift */ = {isa = PBXFileReference; fileEncoding = 4; lastKnownFileType = sourcecode.swift; path = DIContainer.swift; sourceTree = "<group>"; };
		16640A6B1D9E1E7B00707BFC /* DITranquillity.h */ = {isa = PBXFileReference; fileEncoding = 4; lastKnownFileType = sourcecode.c.h; path = DITranquillity.h; sourceTree = "<group>"; };
		169C0DE51DA3501F001F0AD5 /* DITranquillity.framework */ = {isa = PBXFileReference; explicitFileType = wrapper.framework; includeInIndex = 0; path = DITranquillity.framework; sourceTree = BUILT_PRODUCTS_DIR; };
		169C0E111DA352C7001F0AD5 /* DIStoryboardBase.h */ = {isa = PBXFileReference; fileEncoding = 4; lastKnownFileType = sourcecode.c.h; lineEnding = 0; path = DIStoryboardBase.h; sourceTree = "<group>"; };
		169C0E121DA352C7001F0AD5 /* DIStoryboardBase.m */ = {isa = PBXFileReference; fileEncoding = 4; lastKnownFileType = sourcecode.c.objc; path = DIStoryboardBase.m; sourceTree = "<group>"; };
		169C0E141DA352C7001F0AD5 /* DIStoryboardBase.h */ = {isa = PBXFileReference; fileEncoding = 4; lastKnownFileType = sourcecode.c.h; path = DIStoryboardBase.h; sourceTree = "<group>"; };
		169C0E151DA352C7001F0AD5 /* DIStoryboardBase.m */ = {isa = PBXFileReference; fileEncoding = 4; lastKnownFileType = sourcecode.c.objc; path = DIStoryboardBase.m; sourceTree = "<group>"; };
		169C0E1C1DA355A6001F0AD5 /* Info.plist */ = {isa = PBXFileReference; fileEncoding = 4; lastKnownFileType = text.plist.xml; path = Info.plist; sourceTree = "<group>"; };
		169C0E201DA357C3001F0AD5 /* DIStoryboard.swift */ = {isa = PBXFileReference; fileEncoding = 4; lastKnownFileType = sourcecode.swift; path = DIStoryboard.swift; sourceTree = "<group>"; };
		169C0E221DA357C8001F0AD5 /* DIStoryboard.swift */ = {isa = PBXFileReference; fileEncoding = 4; lastKnownFileType = sourcecode.swift; path = DIStoryboard.swift; sourceTree = "<group>"; };
		169C0E4B1DA35CBE001F0AD5 /* DITranquillity.framework */ = {isa = PBXFileReference; explicitFileType = wrapper.framework; includeInIndex = 0; path = DITranquillity.framework; sourceTree = BUILT_PRODUCTS_DIR; };
		16D7BCB51DB086B000A29A9F /* DIScan.swift */ = {isa = PBXFileReference; fileEncoding = 4; lastKnownFileType = sourcecode.swift; path = DIScan.swift; sourceTree = "<group>"; };
		16D7BCB61DB086B000A29A9F /* DIScanModule.swift */ = {isa = PBXFileReference; fileEncoding = 4; lastKnownFileType = sourcecode.swift; path = DIScanModule.swift; sourceTree = "<group>"; };
		16D7BCB71DB086B000A29A9F /* DIScanComponent.swift */ = {isa = PBXFileReference; fileEncoding = 4; lastKnownFileType = sourcecode.swift; path = DIScanComponent.swift; sourceTree = "<group>"; };
		A58875541D0944AE00D6DE92 /* DITranquillity.framework */ = {isa = PBXFileReference; explicitFileType = wrapper.framework; includeInIndex = 0; path = DITranquillity.framework; sourceTree = BUILT_PRODUCTS_DIR; };
		D512552C1EE06F010067796B /* DISettings.swift */ = {isa = PBXFileReference; fileEncoding = 4; lastKnownFileType = sourcecode.swift; path = DISettings.swift; sourceTree = "<group>"; };
		D55368F11EE5BD3300015926 /* Log.swift */ = {isa = PBXFileReference; fileEncoding = 4; lastKnownFileType = sourcecode.swift; path = Log.swift; sourceTree = "<group>"; };
		D55368F61EE656AC00015926 /* Component.swift */ = {isa = PBXFileReference; fileEncoding = 4; lastKnownFileType = sourcecode.swift; path = Component.swift; sourceTree = "<group>"; };
		D55368F71EE656AC00015926 /* _Component.swift */ = {isa = PBXFileReference; fileEncoding = 4; lastKnownFileType = sourcecode.swift; path = _Component.swift; sourceTree = "<group>"; };
		D55368F81EE656AC00015926 /* ComponentFinal.swift */ = {isa = PBXFileReference; fileEncoding = 4; lastKnownFileType = sourcecode.swift; path = ComponentFinal.swift; sourceTree = "<group>"; };
		D55368FA1EE656AC00015926 /* ComponentContainer.swift */ = {isa = PBXFileReference; fileEncoding = 4; lastKnownFileType = sourcecode.swift; path = ComponentContainer.swift; sourceTree = "<group>"; };
		D55368FB1EE656AC00015926 /* ComponentContainerFinal.swift */ = {isa = PBXFileReference; fileEncoding = 4; lastKnownFileType = sourcecode.swift; path = ComponentContainerFinal.swift; sourceTree = "<group>"; };
		D553690B1EE657E100015926 /* NamedComponent.swift */ = {isa = PBXFileReference; fileEncoding = 4; lastKnownFileType = sourcecode.swift; path = NamedComponent.swift; sourceTree = "<group>"; };
		D553690F1EE658EA00015926 /* TypeKey.swift */ = {isa = PBXFileReference; fileEncoding = 4; lastKnownFileType = sourcecode.swift; path = TypeKey.swift; sourceTree = "<group>"; };
		D55369171EE6E2AE00015926 /* ModuleContainer.swift */ = {isa = PBXFileReference; fileEncoding = 4; lastKnownFileType = sourcecode.swift; path = ModuleContainer.swift; sourceTree = "<group>"; };
		D55AFCB31EEEA48D00527D27 /* MethodMaker.swift */ = {isa = PBXFileReference; fileEncoding = 4; lastKnownFileType = sourcecode.swift; path = MethodMaker.swift; sourceTree = "<group>"; };
		D55AFCB71EEEA97400527D27 /* MethodSignature.swift */ = {isa = PBXFileReference; fileEncoding = 4; lastKnownFileType = sourcecode.swift; path = MethodSignature.swift; sourceTree = "<group>"; };
		D55AFCBB1EEEB0E200527D27 /* make_autogenerate.sh */ = {isa = PBXFileReference; fileEncoding = 4; lastKnownFileType = text.script.sh; path = make_autogenerate.sh; sourceTree = "<group>"; };
		D55AFCBF1EEEB4AD00527D27 /* inject_autogenerate.sh */ = {isa = PBXFileReference; fileEncoding = 4; lastKnownFileType = text.script.sh; path = inject_autogenerate.sh; sourceTree = "<group>"; };
		D55AFCC31EEEB88500527D27 /* init_autogenerate.sh */ = {isa = PBXFileReference; fileEncoding = 4; lastKnownFileType = text.script.sh; path = init_autogenerate.sh; sourceTree = "<group>"; };
/* End PBXFileReference section */

/* Begin PBXFrameworksBuildPhase section */
		169C0DDD1DA3501F001F0AD5 /* Frameworks */ = {
			isa = PBXFrameworksBuildPhase;
			buildActionMask = 2147483647;
			files = (
			);
			runOnlyForDeploymentPostprocessing = 0;
		};
		169C0E431DA35CBE001F0AD5 /* Frameworks */ = {
			isa = PBXFrameworksBuildPhase;
			buildActionMask = 2147483647;
			files = (
			);
			runOnlyForDeploymentPostprocessing = 0;
		};
		A58875501D0944AE00D6DE92 /* Frameworks */ = {
			isa = PBXFrameworksBuildPhase;
			buildActionMask = 2147483647;
			files = (
			);
			runOnlyForDeploymentPostprocessing = 0;
		};
/* End PBXFrameworksBuildPhase section */

/* Begin PBXGroup section */
		110917101E4A43120078A5AE /* Module */ = {
			isa = PBXGroup;
			children = (
				1109FD791E724EF9002BC40A /* DIComponentScope.swift */,
				110917111E4A43120078A5AE /* DIModule.swift */,
				1123CD7D1E647CC1004D52F9 /* LateBindingExtensions.swift */,
			);
			path = Module;
			sourceTree = "<group>";
		};
		119F4FAD1E5603A400B2DFA1 /* Component */ = {
			isa = PBXGroup;
			children = (
				119F4FAE1E5603A400B2DFA1 /* DIComponent.swift */,
			);
			path = Component;
			sourceTree = "<group>";
		};
		119F4FB21E5603EC00B2DFA1 /* Descriptions */ = {
			isa = PBXGroup;
			children = (
				119F4FB31E5603EC00B2DFA1 /* DIDescriptions.swift */,
			);
			path = Descriptions;
			sourceTree = "<group>";
		};
		119F4FB71E5604C500B2DFA1 /* RuntimeArgs */ = {
			isa = PBXGroup;
			children = (
				119F4FB81E5604C500B2DFA1 /* autogenerate.sh */,
				119F4FB91E5604C500B2DFA1 /* DIContainer.Arg.swift */,
				119F4FBA1E5604C500B2DFA1 /* DIContainer.TypeArg.swift */,
			);
			path = RuntimeArgs;
			sourceTree = "<group>";
		};
		119F4FC81E56069200B2DFA1 /* AutoResolve */ = {
			isa = PBXGroup;
			children = (
				D55AFCC31EEEB88500527D27 /* init_autogenerate.sh */,
				D55AFCBF1EEEB4AD00527D27 /* inject_autogenerate.sh */,
				119F4FCC1E56069200B2DFA1 /* DIRegistrationBuilder.Arg.swift */,
				1651E7031E8631A900E967B4 /* DIRegistrationBuilder.Injection.Methods.swift */,
			);
			path = AutoResolve;
			sourceTree = "<group>";
		};
		16640A4C1D9E1E7B00707BFC /* Sources */ = {
			isa = PBXGroup;
			children = (
				16640A501D9E1E7B00707BFC /* Core */,
				119F4FB21E5603EC00B2DFA1 /* Descriptions */,
				119F4FAD1E5603A400B2DFA1 /* Component */,
				16640A6D1D9E1E7B00707BFC /* Storyboard */,
				110917101E4A43120078A5AE /* Module */,
				16D7BCB41DB086B000A29A9F /* Scan */,
				119F4FB71E5604C500B2DFA1 /* RuntimeArgs */,
				169C0E1C1DA355A6001F0AD5 /* Info.plist */,
				16640A6B1D9E1E7B00707BFC /* DITranquillity.h */,
			);
			path = Sources;
			sourceTree = SOURCE_ROOT;
		};
		16640A501D9E1E7B00707BFC /* Core */ = {
			isa = PBXGroup;
			children = (
				16640A511D9E1E7B00707BFC /* Private */,
				16640A5F1D9E1E7B00707BFC /* Public */,
			);
			path = Core;
			sourceTree = "<group>";
		};
		16640A511D9E1E7B00707BFC /* Private */ = {
			isa = PBXGroup;
			children = (
				D55AFCBB1EEEB0E200527D27 /* make_autogenerate.sh */,
				D55368F51EE656AC00015926 /* Component */,
				D55368F91EE656AC00015926 /* ComponentContainer */,
				D55368F11EE5BD3300015926 /* Log.swift */,
				119F4FA91E56014000B2DFA1 /* Scope.swift */,
				16640A521D9E1E7B00707BFC /* MultyMap.swift */,
				16640A531D9E1E7B00707BFC /* Resolver.swift */,
				16640A541D9E1E7B00707BFC /* Helpers.swift */,
				16640A5E1D9E1E7B00707BFC /* Weak.swift */,
				115C24C71E6527CA00CC8BC7 /* Synchronize.swift */,
				D553690F1EE658EA00015926 /* TypeKey.swift */,
				D55369171EE6E2AE00015926 /* ModuleContainer.swift */,
				D55AFCB31EEEA48D00527D27 /* MethodMaker.swift */,
				D55AFCB71EEEA97400527D27 /* MethodSignature.swift */,
			);
			path = Private;
			sourceTree = "<group>";
		};
		16640A5F1D9E1E7B00707BFC /* Public */ = {
			isa = PBXGroup;
			children = (
				119F4FC81E56069200B2DFA1 /* AutoResolve */,
				163DDDC51DB9C84E0003DE54 /* DITypes.swift */,
				16640A661D9E1E7B00707BFC /* DIError.swift */,
				16640A6A1D9E1E7B00707BFC /* DIContainer.swift */,
				16640A691D9E1E7B00707BFC /* DIContainer.ShortSyntax.swift */,
				16640A681D9E1E7B00707BFC /* DIRegistrationBuilder.swift */,
				11404C8C1E50DE1200A6C356 /* DIRegistrationAlternativeType.swift */,
				16640A651D9E1E7B00707BFC /* DIContainerBuilder.swift */,
				165F614E1D9E78DD00F6126E /* DIContainerBuilder.Register.swift */,
				D512552C1EE06F010067796B /* DISettings.swift */,
			);
			path = Public;
			sourceTree = "<group>";
		};
		16640A6D1D9E1E7B00707BFC /* Storyboard */ = {
			isa = PBXGroup;
			children = (
				169C0E101DA352C7001F0AD5 /* iOS-tvOS */,
				169C0E131DA352C7001F0AD5 /* OSX */,
			);
			path = Storyboard;
			sourceTree = "<group>";
		};
		169C0E101DA352C7001F0AD5 /* iOS-tvOS */ = {
			isa = PBXGroup;
			children = (
				118DBCCB1E4100BF003A7D1F /* DIStoryboardResolver.swift */,
				169C0E201DA357C3001F0AD5 /* DIStoryboard.swift */,
				169C0E111DA352C7001F0AD5 /* DIStoryboardBase.h */,
				169C0E121DA352C7001F0AD5 /* DIStoryboardBase.m */,
			);
			path = "iOS-tvOS";
			sourceTree = "<group>";
		};
		169C0E131DA352C7001F0AD5 /* OSX */ = {
			isa = PBXGroup;
			children = (
				118DBCCD1E4100C5003A7D1F /* DIStoryboardResolver.swift */,
				169C0E221DA357C8001F0AD5 /* DIStoryboard.swift */,
				169C0E141DA352C7001F0AD5 /* DIStoryboardBase.h */,
				169C0E151DA352C7001F0AD5 /* DIStoryboardBase.m */,
			);
			path = OSX;
			sourceTree = "<group>";
		};
		16D7BCB41DB086B000A29A9F /* Scan */ = {
			isa = PBXGroup;
			children = (
				16D7BCB51DB086B000A29A9F /* DIScan.swift */,
				16D7BCB61DB086B000A29A9F /* DIScanModule.swift */,
				16D7BCB71DB086B000A29A9F /* DIScanComponent.swift */,
			);
			path = Scan;
			sourceTree = "<group>";
		};
		A588754A1D0944AE00D6DE92 = {
			isa = PBXGroup;
			children = (
				16640A4C1D9E1E7B00707BFC /* Sources */,
				A58875551D0944AE00D6DE92 /* Products */,
			);
			sourceTree = "<group>";
		};
		A58875551D0944AE00D6DE92 /* Products */ = {
			isa = PBXGroup;
			children = (
				A58875541D0944AE00D6DE92 /* DITranquillity.framework */,
				169C0DE51DA3501F001F0AD5 /* DITranquillity.framework */,
				169C0E4B1DA35CBE001F0AD5 /* DITranquillity.framework */,
			);
			name = Products;
			sourceTree = "<group>";
		};
		D55368F51EE656AC00015926 /* Component */ = {
			isa = PBXGroup;
			children = (
				D55368F71EE656AC00015926 /* _Component.swift */,
				D55368F61EE656AC00015926 /* Component.swift */,
				D55368F81EE656AC00015926 /* ComponentFinal.swift */,
				D553690B1EE657E100015926 /* NamedComponent.swift */,
			);
			path = Component;
			sourceTree = "<group>";
		};
		D55368F91EE656AC00015926 /* ComponentContainer */ = {
			isa = PBXGroup;
			children = (
				D55368FA1EE656AC00015926 /* ComponentContainer.swift */,
				D55368FB1EE656AC00015926 /* ComponentContainerFinal.swift */,
			);
			path = ComponentContainer;
			sourceTree = "<group>";
		};
/* End PBXGroup section */

/* Begin PBXHeadersBuildPhase section */
		169C0DDE1DA3501F001F0AD5 /* Headers */ = {
			isa = PBXHeadersBuildPhase;
			buildActionMask = 2147483647;
			files = (
				169C0DDF1DA3501F001F0AD5 /* DITranquillity.h in Headers */,
				169C0E1A1DA352CF001F0AD5 /* DIStoryboardBase.h in Headers */,
			);
			runOnlyForDeploymentPostprocessing = 0;
		};
		169C0E441DA35CBE001F0AD5 /* Headers */ = {
			isa = PBXHeadersBuildPhase;
			buildActionMask = 2147483647;
			files = (
				169C0E451DA35CBE001F0AD5 /* DITranquillity.h in Headers */,
				169C0E461DA35CBE001F0AD5 /* DIStoryboardBase.h in Headers */,
			);
			runOnlyForDeploymentPostprocessing = 0;
		};
		A58875511D0944AE00D6DE92 /* Headers */ = {
			isa = PBXHeadersBuildPhase;
			buildActionMask = 2147483647;
			files = (
				16640A881D9E1E7B00707BFC /* DITranquillity.h in Headers */,
				169C0E161DA352C7001F0AD5 /* DIStoryboardBase.h in Headers */,
			);
			runOnlyForDeploymentPostprocessing = 0;
		};
/* End PBXHeadersBuildPhase section */

/* Begin PBXNativeTarget section */
		169C0DC11DA3501F001F0AD5 /* DITranquillity-OSX */ = {
			isa = PBXNativeTarget;
			buildConfigurationList = 169C0DE21DA3501F001F0AD5 /* Build configuration list for PBXNativeTarget "DITranquillity-OSX" */;
			buildPhases = (
				169C0DC21DA3501F001F0AD5 /* Sources */,
				169C0DDD1DA3501F001F0AD5 /* Frameworks */,
				169C0DDE1DA3501F001F0AD5 /* Headers */,
				169C0DE11DA3501F001F0AD5 /* Resources */,
			);
			buildRules = (
			);
			dependencies = (
			);
			name = "DITranquillity-OSX";
			productName = DITranquillity;
			productReference = 169C0DE51DA3501F001F0AD5 /* DITranquillity.framework */;
			productType = "com.apple.product-type.framework";
		};
		169C0E271DA35CBE001F0AD5 /* DITranquillity-tvOS */ = {
			isa = PBXNativeTarget;
			buildConfigurationList = 169C0E481DA35CBE001F0AD5 /* Build configuration list for PBXNativeTarget "DITranquillity-tvOS" */;
			buildPhases = (
				169C0E281DA35CBE001F0AD5 /* Sources */,
				169C0E431DA35CBE001F0AD5 /* Frameworks */,
				169C0E441DA35CBE001F0AD5 /* Headers */,
				169C0E471DA35CBE001F0AD5 /* Resources */,
			);
			buildRules = (
			);
			dependencies = (
			);
			name = "DITranquillity-tvOS";
			productName = DITranquillity;
			productReference = 169C0E4B1DA35CBE001F0AD5 /* DITranquillity.framework */;
			productType = "com.apple.product-type.framework";
		};
		A58875531D0944AE00D6DE92 /* DITranquillity-iOS */ = {
			isa = PBXNativeTarget;
			buildConfigurationList = A588755C1D0944AE00D6DE92 /* Build configuration list for PBXNativeTarget "DITranquillity-iOS" */;
			buildPhases = (
				A588754F1D0944AE00D6DE92 /* Sources */,
				A58875501D0944AE00D6DE92 /* Frameworks */,
				A58875511D0944AE00D6DE92 /* Headers */,
				A58875521D0944AE00D6DE92 /* Resources */,
			);
			buildRules = (
			);
			dependencies = (
			);
			name = "DITranquillity-iOS";
			productName = DITranquillity;
			productReference = A58875541D0944AE00D6DE92 /* DITranquillity.framework */;
			productType = "com.apple.product-type.framework";
		};
/* End PBXNativeTarget section */

/* Begin PBXProject section */
		A588754B1D0944AE00D6DE92 /* Project object */ = {
			isa = PBXProject;
			attributes = {
				LastUpgradeCheck = 0800;
				ORGANIZATIONNAME = "Alexander Ivlev";
				TargetAttributes = {
					A58875531D0944AE00D6DE92 = {
						CreatedOnToolsVersion = 7.3.1;
						LastSwiftMigration = 0800;
					};
				};
			};
			buildConfigurationList = A588754E1D0944AE00D6DE92 /* Build configuration list for PBXProject "DITranquillity" */;
			compatibilityVersion = "Xcode 3.2";
			developmentRegion = English;
			hasScannedForEncodings = 0;
			knownRegions = (
				en,
			);
			mainGroup = A588754A1D0944AE00D6DE92;
			productRefGroup = A58875551D0944AE00D6DE92 /* Products */;
			projectDirPath = "";
			projectRoot = "";
			targets = (
				A58875531D0944AE00D6DE92 /* DITranquillity-iOS */,
				169C0DC11DA3501F001F0AD5 /* DITranquillity-OSX */,
				169C0E271DA35CBE001F0AD5 /* DITranquillity-tvOS */,
			);
		};
/* End PBXProject section */

/* Begin PBXResourcesBuildPhase section */
		169C0DE11DA3501F001F0AD5 /* Resources */ = {
			isa = PBXResourcesBuildPhase;
			buildActionMask = 2147483647;
			files = (
				D55AFCBD1EEEB0E200527D27 /* make_autogenerate.sh in Resources */,
				D55AFCC11EEEB4AD00527D27 /* inject_autogenerate.sh in Resources */,
				D55AFCC51EEEB88500527D27 /* init_autogenerate.sh in Resources */,
			);
			runOnlyForDeploymentPostprocessing = 0;
		};
		169C0E471DA35CBE001F0AD5 /* Resources */ = {
			isa = PBXResourcesBuildPhase;
			buildActionMask = 2147483647;
			files = (
				D55AFCBE1EEEB0E200527D27 /* make_autogenerate.sh in Resources */,
				D55AFCC21EEEB4AD00527D27 /* inject_autogenerate.sh in Resources */,
				D55AFCC61EEEB88500527D27 /* init_autogenerate.sh in Resources */,
			);
			runOnlyForDeploymentPostprocessing = 0;
		};
		A58875521D0944AE00D6DE92 /* Resources */ = {
			isa = PBXResourcesBuildPhase;
			buildActionMask = 2147483647;
			files = (
				D55AFCBC1EEEB0E200527D27 /* make_autogenerate.sh in Resources */,
				D55AFCC01EEEB4AD00527D27 /* inject_autogenerate.sh in Resources */,
				D55AFCC41EEEB88500527D27 /* init_autogenerate.sh in Resources */,
			);
			runOnlyForDeploymentPostprocessing = 0;
		};
/* End PBXResourcesBuildPhase section */

/* Begin PBXSourcesBuildPhase section */
		169C0DC21DA3501F001F0AD5 /* Sources */ = {
			isa = PBXSourcesBuildPhase;
			buildActionMask = 2147483647;
			files = (
				119F4FAC1E56014400B2DFA1 /* Scope.swift in Sources */,
				119F4FD71E56069200B2DFA1 /* DIRegistrationBuilder.Arg.swift in Sources */,
				D55368FD1EE656AC00015926 /* Component.swift in Sources */,
				D55369091EE656AC00015926 /* ComponentContainerFinal.swift in Sources */,
				169C0DC41DA3501F001F0AD5 /* DIRegistrationBuilder.swift in Sources */,
				D55AFCB91EEEA97400527D27 /* MethodSignature.swift in Sources */,
				D55AFCB51EEEA48D00527D27 /* MethodMaker.swift in Sources */,
				D553690D1EE657E100015926 /* NamedComponent.swift in Sources */,
				16D7BCBE1DB086B900A29A9F /* DIScanComponent.swift in Sources */,
				169C0DCB1DA3501F001F0AD5 /* DIContainerBuilder.Register.swift in Sources */,
				118DBCCF1E4100CA003A7D1F /* DIStoryboardResolver.swift in Sources */,
				169C0DCC1DA3501F001F0AD5 /* MultyMap.swift in Sources */,
				169C0DCD1DA3501F001F0AD5 /* Weak.swift in Sources */,
				169C0DCE1DA3501F001F0AD5 /* DIError.swift in Sources */,
				119F4FB01E5603A400B2DFA1 /* DIComponent.swift in Sources */,
				115C24C91E6527CA00CC8BC7 /* Synchronize.swift in Sources */,
				169C0E1B1DA352D2001F0AD5 /* DIStoryboardBase.m in Sources */,
				11404C8E1E50DE1200A6C356 /* DIRegistrationAlternativeType.swift in Sources */,
				163DDDC71DB9C84E0003DE54 /* DITypes.swift in Sources */,
				1105F2401E72533200CFC043 /* DIComponentScope.swift in Sources */,
				169C0DD11DA3501F001F0AD5 /* Resolver.swift in Sources */,
				D55369191EE6E2AE00015926 /* ModuleContainer.swift in Sources */,
				169C0DD31DA3501F001F0AD5 /* DIContainer.swift in Sources */,
				16D7BCBB1DB086B500A29A9F /* DIScan.swift in Sources */,
				169C0DD41DA3501F001F0AD5 /* Helpers.swift in Sources */,
				169C0DD51DA3501F001F0AD5 /* DIContainerBuilder.swift in Sources */,
				D512552E1EE06F010067796B /* DISettings.swift in Sources */,
				169C0DD61DA3501F001F0AD5 /* DIContainer.ShortSyntax.swift in Sources */,
				D55368F31EE5BD3600015926 /* Log.swift in Sources */,
				119F4FB51E5603EC00B2DFA1 /* DIDescriptions.swift in Sources */,
				119F4FC01E5604C500B2DFA1 /* DIContainer.Arg.swift in Sources */,
				118F09061E4B688900C1ED5E /* DIModule.swift in Sources */,
				D55369001EE656AC00015926 /* _Component.swift in Sources */,
				119F4FC31E5604C500B2DFA1 /* DIContainer.TypeArg.swift in Sources */,
				16D7BCBD1DB086B900A29A9F /* DIScanModule.swift in Sources */,
				D55369031EE656AC00015926 /* ComponentFinal.swift in Sources */,
				D55369111EE658EA00015926 /* TypeKey.swift in Sources */,
				1123CD7F1E647CC1004D52F9 /* LateBindingExtensions.swift in Sources */,
				1651E7061E86373D00E967B4 /* DIRegistrationBuilder.Injection.Methods.swift in Sources */,
				169C0E241DA357CA001F0AD5 /* DIStoryboard.swift in Sources */,
				D55369061EE656AC00015926 /* ComponentContainer.swift in Sources */,
			);
			runOnlyForDeploymentPostprocessing = 0;
		};
		169C0E281DA35CBE001F0AD5 /* Sources */ = {
			isa = PBXSourcesBuildPhase;
			buildActionMask = 2147483647;
			files = (
				119F4FAB1E56014400B2DFA1 /* Scope.swift in Sources */,
				119F4FD81E56069200B2DFA1 /* DIRegistrationBuilder.Arg.swift in Sources */,
				D55368FE1EE656AC00015926 /* Component.swift in Sources */,
				D553690A1EE656AC00015926 /* ComponentContainerFinal.swift in Sources */,
				169C0E2A1DA35CBE001F0AD5 /* DIRegistrationBuilder.swift in Sources */,
				D55AFCBA1EEEA97400527D27 /* MethodSignature.swift in Sources */,
				D55AFCB61EEEA48D00527D27 /* MethodMaker.swift in Sources */,
				D553690E1EE657E100015926 /* NamedComponent.swift in Sources */,
				16D7BCC01DB086B900A29A9F /* DIScanComponent.swift in Sources */,
				169C0E301DA35CBE001F0AD5 /* DIContainerBuilder.Register.swift in Sources */,
				118DBCD01E4100CD003A7D1F /* DIStoryboardResolver.swift in Sources */,
				169C0E311DA35CBE001F0AD5 /* MultyMap.swift in Sources */,
				169C0E321DA35CBE001F0AD5 /* Weak.swift in Sources */,
				169C0E331DA35CBE001F0AD5 /* DIError.swift in Sources */,
				119F4FB11E5603A400B2DFA1 /* DIComponent.swift in Sources */,
				115C24CA1E6527CA00CC8BC7 /* Synchronize.swift in Sources */,
				169C0E351DA35CBE001F0AD5 /* DIStoryboardBase.m in Sources */,
				11404C8F1E50DE1200A6C356 /* DIRegistrationAlternativeType.swift in Sources */,
				163DDDC81DB9C84E0003DE54 /* DITypes.swift in Sources */,
				1105F2411E72533200CFC043 /* DIComponentScope.swift in Sources */,
				169C0E371DA35CBE001F0AD5 /* Resolver.swift in Sources */,
				D553691A1EE6E2AE00015926 /* ModuleContainer.swift in Sources */,
				169C0E391DA35CBE001F0AD5 /* DIContainer.swift in Sources */,
				16D7BCBC1DB086B600A29A9F /* DIScan.swift in Sources */,
				169C0E3A1DA35CBE001F0AD5 /* Helpers.swift in Sources */,
				169C0E3B1DA35CBE001F0AD5 /* DIContainerBuilder.swift in Sources */,
				D512552F1EE06F010067796B /* DISettings.swift in Sources */,
				169C0E3C1DA35CBE001F0AD5 /* DIContainer.ShortSyntax.swift in Sources */,
				D55368F41EE5BD3600015926 /* Log.swift in Sources */,
				119F4FB61E5603EC00B2DFA1 /* DIDescriptions.swift in Sources */,
				119F4FC11E5604C500B2DFA1 /* DIContainer.Arg.swift in Sources */,
				118F09071E4B688900C1ED5E /* DIModule.swift in Sources */,
				D55369011EE656AC00015926 /* _Component.swift in Sources */,
				119F4FC41E5604C500B2DFA1 /* DIContainer.TypeArg.swift in Sources */,
				16D7BCBF1DB086B900A29A9F /* DIScanModule.swift in Sources */,
				D55369041EE656AC00015926 /* ComponentFinal.swift in Sources */,
				D55369121EE658EA00015926 /* TypeKey.swift in Sources */,
				1123CD801E647CC1004D52F9 /* LateBindingExtensions.swift in Sources */,
				1651E7071E86373D00E967B4 /* DIRegistrationBuilder.Injection.Methods.swift in Sources */,
				169C0E421DA35CBE001F0AD5 /* DIStoryboard.swift in Sources */,
				D55369071EE656AC00015926 /* ComponentContainer.swift in Sources */,
			);
			runOnlyForDeploymentPostprocessing = 0;
		};
		A588754F1D0944AE00D6DE92 /* Sources */ = {
			isa = PBXSourcesBuildPhase;
			buildActionMask = 2147483647;
			files = (
				119F4FAA1E56014000B2DFA1 /* Scope.swift in Sources */,
				119F4FD61E56069200B2DFA1 /* DIRegistrationBuilder.Arg.swift in Sources */,
				D55368FC1EE656AC00015926 /* Component.swift in Sources */,
				D55369081EE656AC00015926 /* ComponentContainerFinal.swift in Sources */,
				16640A851D9E1E7B00707BFC /* DIRegistrationBuilder.swift in Sources */,
				D55AFCB81EEEA97400527D27 /* MethodSignature.swift in Sources */,
				D55AFCB41EEEA48D00527D27 /* MethodMaker.swift in Sources */,
				D553690C1EE657E100015926 /* NamedComponent.swift in Sources */,
				16D7BCBA1DB086B000A29A9F /* DIScanComponent.swift in Sources */,
				165F614F1D9E78DD00F6126E /* DIContainerBuilder.Register.swift in Sources */,
				118DBCCC1E4100BF003A7D1F /* DIStoryboardResolver.swift in Sources */,
				16640A731D9E1E7B00707BFC /* MultyMap.swift in Sources */,
				16640A7D1D9E1E7B00707BFC /* Weak.swift in Sources */,
				119F4FAF1E5603A400B2DFA1 /* DIComponent.swift in Sources */,
				110917121E4A43120078A5AE /* DIModule.swift in Sources */,
				115C24C81E6527CA00CC8BC7 /* Synchronize.swift in Sources */,
				16640A831D9E1E7B00707BFC /* DIError.swift in Sources */,
				11404C8D1E50DE1200A6C356 /* DIRegistrationAlternativeType.swift in Sources */,
				169C0E171DA352C7001F0AD5 /* DIStoryboardBase.m in Sources */,
				1109FD7A1E724EF9002BC40A /* DIComponentScope.swift in Sources */,
				163DDDC61DB9C84E0003DE54 /* DITypes.swift in Sources */,
				D55369181EE6E2AE00015926 /* ModuleContainer.swift in Sources */,
				16640A741D9E1E7B00707BFC /* Resolver.swift in Sources */,
				16640A871D9E1E7B00707BFC /* DIContainer.swift in Sources */,
				16D7BCB81DB086B000A29A9F /* DIScan.swift in Sources */,
				16640A751D9E1E7B00707BFC /* Helpers.swift in Sources */,
				D512552D1EE06F010067796B /* DISettings.swift in Sources */,
				119F4FB41E5603EC00B2DFA1 /* DIDescriptions.swift in Sources */,
				D55368F21EE5BD3300015926 /* Log.swift in Sources */,
				16640A821D9E1E7B00707BFC /* DIContainerBuilder.swift in Sources */,
				119F4FBF1E5604C500B2DFA1 /* DIContainer.Arg.swift in Sources */,
				16640A861D9E1E7B00707BFC /* DIContainer.ShortSyntax.swift in Sources */,
				D55368FF1EE656AC00015926 /* _Component.swift in Sources */,
				119F4FC21E5604C500B2DFA1 /* DIContainer.TypeArg.swift in Sources */,
				16D7BCB91DB086B000A29A9F /* DIScanModule.swift in Sources */,
				D55369021EE656AC00015926 /* ComponentFinal.swift in Sources */,
				D55369101EE658EA00015926 /* TypeKey.swift in Sources */,
				1123CD7E1E647CC1004D52F9 /* LateBindingExtensions.swift in Sources */,
				1651E7041E8631A900E967B4 /* DIRegistrationBuilder.Injection.Methods.swift in Sources */,
				169C0E211DA357C3001F0AD5 /* DIStoryboard.swift in Sources */,
				D55369051EE656AC00015926 /* ComponentContainer.swift in Sources */,
			);
			runOnlyForDeploymentPostprocessing = 0;
		};
/* End PBXSourcesBuildPhase section */

/* Begin XCBuildConfiguration section */
		169C0DE31DA3501F001F0AD5 /* Debug */ = {
			isa = XCBuildConfiguration;
			buildSettings = {
				CLANG_CXX_LANGUAGE_STANDARD = "compiler-default";
				CLANG_CXX_LIBRARY = "compiler-default";
				CLANG_ENABLE_MODULES = YES;
				"CODE_SIGN_IDENTITY[sdk=iphoneos*]" = "";
				DEFINES_MODULE = YES;
				DYLIB_COMPATIBILITY_VERSION = 1;
				DYLIB_CURRENT_VERSION = 1;
				DYLIB_INSTALL_NAME_BASE = "@rpath";
				GCC_C_LANGUAGE_STANDARD = "compiler-default";
				GCC_PREPROCESSOR_DEFINITIONS = (
					"DEBUG=1",
					ENABLE_DI_STORYBOARD,
				);
				INFOPLIST_FILE = "$(SRCROOT)/Sources/Info.plist";
				INSTALL_PATH = "$(LOCAL_LIBRARY_DIR)/Frameworks";
				LD_RUNPATH_SEARCH_PATHS = "$(inherited) @executable_path/Frameworks @loader_path/Frameworks";
				MACOSX_DEPLOYMENT_TARGET = 10.10;
				OTHER_SWIFT_FLAGS = "-DENABLE_DI_LOGGER -DENABLE_DI_COMPONENT -DENABLE_DI_MODULE";
				PRODUCT_BUNDLE_IDENTIFIER = com.sia.DITranquillity;
				PRODUCT_NAME = DITranquillity;
				SDKROOT = macosx;
				SKIP_INSTALL = YES;
				SUPPORTED_PLATFORMS = macosx;
				SWIFT_OPTIMIZATION_LEVEL = "-Onone";
				SWIFT_VERSION = 3.0;
				TVOS_DEPLOYMENT_TARGET = 9.0;
				VALID_ARCHS = "x86_64 i386";
			};
			name = Debug;
		};
		169C0DE41DA3501F001F0AD5 /* Release */ = {
			isa = XCBuildConfiguration;
			buildSettings = {
				CLANG_CXX_LANGUAGE_STANDARD = "compiler-default";
				CLANG_CXX_LIBRARY = "compiler-default";
				CLANG_ENABLE_MODULES = YES;
				"CODE_SIGN_IDENTITY[sdk=iphoneos*]" = "";
				DEFINES_MODULE = YES;
				DYLIB_COMPATIBILITY_VERSION = 1;
				DYLIB_CURRENT_VERSION = 1;
				DYLIB_INSTALL_NAME_BASE = "@rpath";
				GCC_C_LANGUAGE_STANDARD = "compiler-default";
				GCC_PREPROCESSOR_DEFINITIONS = ENABLE_DI_STORYBOARD;
				INFOPLIST_FILE = "$(SRCROOT)/Sources/Info.plist";
				INSTALL_PATH = "$(LOCAL_LIBRARY_DIR)/Frameworks";
				LD_RUNPATH_SEARCH_PATHS = "$(inherited) @executable_path/Frameworks @loader_path/Frameworks";
				MACOSX_DEPLOYMENT_TARGET = 10.10;
				OTHER_SWIFT_FLAGS = "-DENABLE_DI_LOGGER -DENABLE_DI_COMPONENT -DENABLE_DI_MODULE";
				PRODUCT_BUNDLE_IDENTIFIER = com.sia.DITranquillity;
				PRODUCT_NAME = DITranquillity;
				SDKROOT = macosx;
				SKIP_INSTALL = YES;
				SUPPORTED_PLATFORMS = macosx;
				SWIFT_VERSION = 3.0;
				TVOS_DEPLOYMENT_TARGET = 9.0;
				VALID_ARCHS = "x86_64 i386";
			};
			name = Release;
		};
		169C0E491DA35CBE001F0AD5 /* Debug */ = {
			isa = XCBuildConfiguration;
			buildSettings = {
				CLANG_CXX_LANGUAGE_STANDARD = "compiler-default";
				CLANG_CXX_LIBRARY = "compiler-default";
				CLANG_ENABLE_MODULES = YES;
				CODE_SIGN_IDENTITY = "";
				"CODE_SIGN_IDENTITY[sdk=iphoneos*]" = "";
				DEFINES_MODULE = YES;
				DYLIB_COMPATIBILITY_VERSION = 1;
				DYLIB_CURRENT_VERSION = 1;
				DYLIB_INSTALL_NAME_BASE = "@rpath";
				GCC_C_LANGUAGE_STANDARD = "compiler-default";
				GCC_PREPROCESSOR_DEFINITIONS = (
					"DEBUG=1",
					ENABLE_DI_STORYBOARD,
				);
				INFOPLIST_FILE = "$(SRCROOT)/Sources/Info.plist";
				INSTALL_PATH = "$(LOCAL_LIBRARY_DIR)/Frameworks";
				IPHONEOS_DEPLOYMENT_TARGET = 8.0;
				LD_RUNPATH_SEARCH_PATHS = "$(inherited) @executable_path/Frameworks @loader_path/Frameworks";
				MACOSX_DEPLOYMENT_TARGET = 10.10;
				OTHER_SWIFT_FLAGS = "-DENABLE_DI_LOGGER -DENABLE_DI_COMPONENT -DENABLE_DI_MODULE";
				PRODUCT_BUNDLE_IDENTIFIER = com.sia.DITranquillity;
				PRODUCT_MODULE_NAME = DITranquillity;
				PRODUCT_NAME = DITranquillity;
				SDKROOT = appletvos;
				SKIP_INSTALL = YES;
				SUPPORTED_PLATFORMS = "appletvsimulator appletvos";
				SWIFT_OPTIMIZATION_LEVEL = "-Onone";
				SWIFT_VERSION = 3.0;
				TARGETED_DEVICE_FAMILY = 3;
				TVOS_DEPLOYMENT_TARGET = 9.0;
				VALID_ARCHS = arm64;
			};
			name = Debug;
		};
		169C0E4A1DA35CBE001F0AD5 /* Release */ = {
			isa = XCBuildConfiguration;
			buildSettings = {
				CLANG_CXX_LANGUAGE_STANDARD = "compiler-default";
				CLANG_CXX_LIBRARY = "compiler-default";
				CLANG_ENABLE_MODULES = YES;
				CODE_SIGN_IDENTITY = "";
				"CODE_SIGN_IDENTITY[sdk=iphoneos*]" = "";
				DEFINES_MODULE = YES;
				DYLIB_COMPATIBILITY_VERSION = 1;
				DYLIB_CURRENT_VERSION = 1;
				DYLIB_INSTALL_NAME_BASE = "@rpath";
				GCC_C_LANGUAGE_STANDARD = "compiler-default";
				GCC_PREPROCESSOR_DEFINITIONS = ENABLE_DI_STORYBOARD;
				INFOPLIST_FILE = "$(SRCROOT)/Sources/Info.plist";
				INSTALL_PATH = "$(LOCAL_LIBRARY_DIR)/Frameworks";
				IPHONEOS_DEPLOYMENT_TARGET = 8.0;
				LD_RUNPATH_SEARCH_PATHS = "$(inherited) @executable_path/Frameworks @loader_path/Frameworks";
				MACOSX_DEPLOYMENT_TARGET = 10.10;
				OTHER_SWIFT_FLAGS = "-DENABLE_DI_LOGGER -DENABLE_DI_COMPONENT -DENABLE_DI_MODULE";
				PRODUCT_BUNDLE_IDENTIFIER = com.sia.DITranquillity;
				PRODUCT_MODULE_NAME = DITranquillity;
				PRODUCT_NAME = DITranquillity;
				SDKROOT = appletvos;
				SKIP_INSTALL = YES;
				SUPPORTED_PLATFORMS = "appletvsimulator appletvos";
				SWIFT_VERSION = 3.0;
				TARGETED_DEVICE_FAMILY = 3;
				TVOS_DEPLOYMENT_TARGET = 9.0;
				VALID_ARCHS = arm64;
			};
			name = Release;
		};
		A588755A1D0944AE00D6DE92 /* Debug */ = {
			isa = XCBuildConfiguration;
			buildSettings = {
				ALWAYS_SEARCH_USER_PATHS = NO;
				CLANG_ANALYZER_NONNULL = YES;
				CLANG_CXX_LANGUAGE_STANDARD = "gnu++0x";
				CLANG_CXX_LIBRARY = "libc++";
				CLANG_ENABLE_MODULES = YES;
				CLANG_ENABLE_OBJC_ARC = YES;
				CLANG_WARN_BOOL_CONVERSION = YES;
				CLANG_WARN_CONSTANT_CONVERSION = YES;
				CLANG_WARN_DIRECT_OBJC_ISA_USAGE = YES_ERROR;
				CLANG_WARN_EMPTY_BODY = YES;
				CLANG_WARN_ENUM_CONVERSION = YES;
				CLANG_WARN_INFINITE_RECURSION = YES;
				CLANG_WARN_INT_CONVERSION = YES;
				CLANG_WARN_OBJC_ROOT_CLASS = YES_ERROR;
				CLANG_WARN_SUSPICIOUS_MOVE = YES;
				CLANG_WARN_UNREACHABLE_CODE = YES;
				CLANG_WARN__DUPLICATE_METHOD_MATCH = YES;
				"CODE_SIGN_IDENTITY[sdk=iphoneos*]" = "iPhone Developer";
				COPY_PHASE_STRIP = NO;
				CURRENT_PROJECT_VERSION = 1;
				DEBUG_INFORMATION_FORMAT = dwarf;
				ENABLE_STRICT_OBJC_MSGSEND = YES;
				ENABLE_TESTABILITY = YES;
				GCC_C_LANGUAGE_STANDARD = gnu99;
				GCC_DYNAMIC_NO_PIC = NO;
				GCC_NO_COMMON_BLOCKS = YES;
				GCC_OPTIMIZATION_LEVEL = 0;
				GCC_PREPROCESSOR_DEFINITIONS = (
					__DITRANQUILLITY_STORYBOARD__,
					"DEBUG=1",
				);
				GCC_WARN_64_TO_32_BIT_CONVERSION = YES;
				GCC_WARN_ABOUT_RETURN_TYPE = YES_ERROR;
				GCC_WARN_UNDECLARED_SELECTOR = YES;
				GCC_WARN_UNINITIALIZED_AUTOS = YES_AGGRESSIVE;
				GCC_WARN_UNUSED_FUNCTION = YES;
				GCC_WARN_UNUSED_VARIABLE = YES;
				IPHONEOS_DEPLOYMENT_TARGET = 8.0;
				MACOSX_DEPLOYMENT_TARGET = 10.10;
				MTL_ENABLE_DEBUG_INFO = YES;
				ONLY_ACTIVE_ARCH = YES;
				SDKROOT = iphoneos;
				SWIFT_OPTIMIZATION_LEVEL = "-Onone";
				SWIFT_VERSION = 3.0;
				TARGETED_DEVICE_FAMILY = "1,2";
				VERSIONING_SYSTEM = "apple-generic";
				VERSION_INFO_PREFIX = "";
			};
			name = Debug;
		};
		A588755B1D0944AE00D6DE92 /* Release */ = {
			isa = XCBuildConfiguration;
			buildSettings = {
				ALWAYS_SEARCH_USER_PATHS = NO;
				CLANG_ANALYZER_NONNULL = YES;
				CLANG_CXX_LANGUAGE_STANDARD = "gnu++0x";
				CLANG_CXX_LIBRARY = "libc++";
				CLANG_ENABLE_MODULES = YES;
				CLANG_ENABLE_OBJC_ARC = YES;
				CLANG_WARN_BOOL_CONVERSION = YES;
				CLANG_WARN_CONSTANT_CONVERSION = YES;
				CLANG_WARN_DIRECT_OBJC_ISA_USAGE = YES_ERROR;
				CLANG_WARN_EMPTY_BODY = YES;
				CLANG_WARN_ENUM_CONVERSION = YES;
				CLANG_WARN_INFINITE_RECURSION = YES;
				CLANG_WARN_INT_CONVERSION = YES;
				CLANG_WARN_OBJC_ROOT_CLASS = YES_ERROR;
				CLANG_WARN_SUSPICIOUS_MOVE = YES;
				CLANG_WARN_UNREACHABLE_CODE = YES;
				CLANG_WARN__DUPLICATE_METHOD_MATCH = YES;
				"CODE_SIGN_IDENTITY[sdk=iphoneos*]" = "iPhone Developer";
				COPY_PHASE_STRIP = NO;
				CURRENT_PROJECT_VERSION = 1;
				DEBUG_INFORMATION_FORMAT = "dwarf-with-dsym";
				ENABLE_NS_ASSERTIONS = NO;
				ENABLE_STRICT_OBJC_MSGSEND = YES;
				GCC_C_LANGUAGE_STANDARD = gnu99;
				GCC_NO_COMMON_BLOCKS = YES;
				GCC_PREPROCESSOR_DEFINITIONS = __DITRANQUILLITY_STORYBOARD__;
				GCC_WARN_64_TO_32_BIT_CONVERSION = YES;
				GCC_WARN_ABOUT_RETURN_TYPE = YES_ERROR;
				GCC_WARN_UNDECLARED_SELECTOR = YES;
				GCC_WARN_UNINITIALIZED_AUTOS = YES_AGGRESSIVE;
				GCC_WARN_UNUSED_FUNCTION = YES;
				GCC_WARN_UNUSED_VARIABLE = YES;
				IPHONEOS_DEPLOYMENT_TARGET = 8.0;
				MACOSX_DEPLOYMENT_TARGET = 10.10;
				MTL_ENABLE_DEBUG_INFO = NO;
				SDKROOT = iphoneos;
				SWIFT_OPTIMIZATION_LEVEL = "-Owholemodule";
				SWIFT_VERSION = 3.0;
				TARGETED_DEVICE_FAMILY = "1,2";
				VALIDATE_PRODUCT = YES;
				VERSIONING_SYSTEM = "apple-generic";
				VERSION_INFO_PREFIX = "";
			};
			name = Release;
		};
		A588755D1D0944AE00D6DE92 /* Debug */ = {
			isa = XCBuildConfiguration;
			buildSettings = {
				CLANG_CXX_LANGUAGE_STANDARD = "compiler-default";
				CLANG_CXX_LIBRARY = "compiler-default";
				CLANG_ENABLE_MODULES = YES;
				"CODE_SIGN_IDENTITY[sdk=iphoneos*]" = "";
				DEFINES_MODULE = YES;
				DYLIB_COMPATIBILITY_VERSION = 1;
				DYLIB_CURRENT_VERSION = 1;
				DYLIB_INSTALL_NAME_BASE = "@rpath";
				GCC_C_LANGUAGE_STANDARD = "compiler-default";
				GCC_PREPROCESSOR_DEFINITIONS = (
					"DEBUG=1",
					ENABLE_DI_STORYBOARD,
				);
				INFOPLIST_FILE = "$(SRCROOT)/Sources/Info.plist";
				INSTALL_PATH = "$(LOCAL_LIBRARY_DIR)/Frameworks";
				IPHONEOS_DEPLOYMENT_TARGET = 8.0;
				LD_RUNPATH_SEARCH_PATHS = "$(inherited) @executable_path/Frameworks @loader_path/Frameworks";
				MACOSX_DEPLOYMENT_TARGET = 10.10;
				OTHER_SWIFT_FLAGS = "-DENABLE_DI_LOGGER -DENABLE_DI_COMPONENT -DENABLE_DI_MODULE";
				PRODUCT_BUNDLE_IDENTIFIER = com.sia.DITranquillity;
				PRODUCT_NAME = DITranquillity;
				SKIP_INSTALL = YES;
				SUPPORTED_PLATFORMS = "iphonesimulator iphoneos";
				SWIFT_ACTIVE_COMPILATION_CONDITIONS = "";
				SWIFT_OPTIMIZATION_LEVEL = "-Onone";
				SWIFT_VERSION = 3.0;
				TVOS_DEPLOYMENT_TARGET = 9.0;
				VALID_ARCHS = "arm64 armv7 armv7s";
			};
			name = Debug;
		};
		A588755E1D0944AE00D6DE92 /* Release */ = {
			isa = XCBuildConfiguration;
			buildSettings = {
				CLANG_CXX_LANGUAGE_STANDARD = "compiler-default";
				CLANG_CXX_LIBRARY = "compiler-default";
				CLANG_ENABLE_MODULES = YES;
				"CODE_SIGN_IDENTITY[sdk=iphoneos*]" = "";
				DEFINES_MODULE = YES;
				DYLIB_COMPATIBILITY_VERSION = 1;
				DYLIB_CURRENT_VERSION = 1;
				DYLIB_INSTALL_NAME_BASE = "@rpath";
				GCC_C_LANGUAGE_STANDARD = "compiler-default";
				GCC_PREPROCESSOR_DEFINITIONS = ENABLE_DI_STORYBOARD;
				INFOPLIST_FILE = "$(SRCROOT)/Sources/Info.plist";
				INSTALL_PATH = "$(LOCAL_LIBRARY_DIR)/Frameworks";
				IPHONEOS_DEPLOYMENT_TARGET = 8.0;
				LD_RUNPATH_SEARCH_PATHS = "$(inherited) @executable_path/Frameworks @loader_path/Frameworks";
				MACOSX_DEPLOYMENT_TARGET = 10.10;
				OTHER_SWIFT_FLAGS = "-DENABLE_DI_LOGGER -DENABLE_DI_COMPONENT -DENABLE_DI_MODULE";
				PRODUCT_BUNDLE_IDENTIFIER = com.sia.DITranquillity;
				PRODUCT_NAME = DITranquillity;
				SKIP_INSTALL = YES;
				SUPPORTED_PLATFORMS = "iphonesimulator iphoneos";
				SWIFT_ACTIVE_COMPILATION_CONDITIONS = "";
				SWIFT_VERSION = 3.0;
				TVOS_DEPLOYMENT_TARGET = 9.0;
				VALID_ARCHS = "arm64 armv7 armv7s";
			};
			name = Release;
		};
/* End XCBuildConfiguration section */

/* Begin XCConfigurationList section */
		169C0DE21DA3501F001F0AD5 /* Build configuration list for PBXNativeTarget "DITranquillity-OSX" */ = {
			isa = XCConfigurationList;
			buildConfigurations = (
				169C0DE31DA3501F001F0AD5 /* Debug */,
				169C0DE41DA3501F001F0AD5 /* Release */,
			);
			defaultConfigurationIsVisible = 0;
			defaultConfigurationName = Release;
		};
		169C0E481DA35CBE001F0AD5 /* Build configuration list for PBXNativeTarget "DITranquillity-tvOS" */ = {
			isa = XCConfigurationList;
			buildConfigurations = (
				169C0E491DA35CBE001F0AD5 /* Debug */,
				169C0E4A1DA35CBE001F0AD5 /* Release */,
			);
			defaultConfigurationIsVisible = 0;
			defaultConfigurationName = Release;
		};
		A588754E1D0944AE00D6DE92 /* Build configuration list for PBXProject "DITranquillity" */ = {
			isa = XCConfigurationList;
			buildConfigurations = (
				A588755A1D0944AE00D6DE92 /* Debug */,
				A588755B1D0944AE00D6DE92 /* Release */,
			);
			defaultConfigurationIsVisible = 0;
			defaultConfigurationName = Release;
		};
		A588755C1D0944AE00D6DE92 /* Build configuration list for PBXNativeTarget "DITranquillity-iOS" */ = {
			isa = XCConfigurationList;
			buildConfigurations = (
				A588755D1D0944AE00D6DE92 /* Debug */,
				A588755E1D0944AE00D6DE92 /* Release */,
			);
			defaultConfigurationIsVisible = 0;
			defaultConfigurationName = Release;
		};
/* End XCConfigurationList section */
	};
	rootObject = A588754B1D0944AE00D6DE92 /* Project object */;
}
